# This file is automatically @generated by Poetry 1.4.2 and should not be changed by hand.

[[package]]
name = "annotated-types"
version = "0.4.0"
description = "Reusable constraint types to use with typing.Annotated"
category = "main"
optional = false
python-versions = ">=3.7"
files = [
    {file = "annotated_types-0.4.0-py3-none-any.whl", hash = "sha256:ac27bcccc7a1447efe9a9bd1145766cc14a841b107a6040a799c260e83adf67d"},
    {file = "annotated_types-0.4.0.tar.gz", hash = "sha256:fae0ca44ad43b7e54dbb02b22137885b1cb1cb7a312fe9fe7a6d77a0e5b0443a"},
]

[[package]]
name = "colorama"
version = "0.4.6"
description = "Cross-platform colored terminal text."
category = "dev"
optional = false
python-versions = "!=3.0.*,!=3.1.*,!=3.2.*,!=3.3.*,!=3.4.*,!=3.5.*,!=3.6.*,>=2.7"
files = [
    {file = "colorama-0.4.6-py2.py3-none-any.whl", hash = "sha256:4f1d9991f5acc0ca119f9d443620b77f9d6b33703e51011c16baf57afb285fc6"},
    {file = "colorama-0.4.6.tar.gz", hash = "sha256:08695f5cb7ed6e0531a20572697297273c47b8cae5a63ffc6d6ed5c201be6e44"},
]

[[package]]
name = "coverage"
version = "7.2.3"
description = "Code coverage measurement for Python"
category = "dev"
optional = false
python-versions = ">=3.7"
files = [
    {file = "coverage-7.2.3-cp310-cp310-macosx_10_9_x86_64.whl", hash = "sha256:e58c0d41d336569d63d1b113bd573db8363bc4146f39444125b7f8060e4e04f5"},
    {file = "coverage-7.2.3-cp310-cp310-macosx_11_0_arm64.whl", hash = "sha256:344e714bd0fe921fc72d97404ebbdbf9127bac0ca1ff66d7b79efc143cf7c0c4"},
    {file = "coverage-7.2.3-cp310-cp310-manylinux_2_17_aarch64.manylinux2014_aarch64.whl", hash = "sha256:974bc90d6f6c1e59ceb1516ab00cf1cdfbb2e555795d49fa9571d611f449bcb2"},
    {file = "coverage-7.2.3-cp310-cp310-manylinux_2_5_i686.manylinux1_i686.manylinux_2_17_i686.manylinux2014_i686.whl", hash = "sha256:0743b0035d4b0e32bc1df5de70fba3059662ace5b9a2a86a9f894cfe66569013"},
    {file = "coverage-7.2.3-cp310-cp310-manylinux_2_5_x86_64.manylinux1_x86_64.manylinux_2_17_x86_64.manylinux2014_x86_64.whl", hash = "sha256:5d0391fb4cfc171ce40437f67eb050a340fdbd0f9f49d6353a387f1b7f9dd4fa"},
    {file = "coverage-7.2.3-cp310-cp310-musllinux_1_1_aarch64.whl", hash = "sha256:4a42e1eff0ca9a7cb7dc9ecda41dfc7cbc17cb1d02117214be0561bd1134772b"},
    {file = "coverage-7.2.3-cp310-cp310-musllinux_1_1_i686.whl", hash = "sha256:be19931a8dcbe6ab464f3339966856996b12a00f9fe53f346ab3be872d03e257"},
    {file = "coverage-7.2.3-cp310-cp310-musllinux_1_1_x86_64.whl", hash = "sha256:72fcae5bcac3333a4cf3b8f34eec99cea1187acd55af723bcbd559adfdcb5535"},
    {file = "coverage-7.2.3-cp310-cp310-win32.whl", hash = "sha256:aeae2aa38395b18106e552833f2a50c27ea0000122bde421c31d11ed7e6f9c91"},
    {file = "coverage-7.2.3-cp310-cp310-win_amd64.whl", hash = "sha256:83957d349838a636e768251c7e9979e899a569794b44c3728eaebd11d848e58e"},
    {file = "coverage-7.2.3-cp311-cp311-macosx_10_9_x86_64.whl", hash = "sha256:dfd393094cd82ceb9b40df4c77976015a314b267d498268a076e940fe7be6b79"},
    {file = "coverage-7.2.3-cp311-cp311-macosx_11_0_arm64.whl", hash = "sha256:182eb9ac3f2b4874a1f41b78b87db20b66da6b9cdc32737fbbf4fea0c35b23fc"},
    {file = "coverage-7.2.3-cp311-cp311-manylinux_2_17_aarch64.manylinux2014_aarch64.whl", hash = "sha256:1bb1e77a9a311346294621be905ea8a2c30d3ad371fc15bb72e98bfcfae532df"},
    {file = "coverage-7.2.3-cp311-cp311-manylinux_2_5_i686.manylinux1_i686.manylinux_2_17_i686.manylinux2014_i686.whl", hash = "sha256:ca0f34363e2634deffd390a0fef1aa99168ae9ed2af01af4a1f5865e362f8623"},
    {file = "coverage-7.2.3-cp311-cp311-manylinux_2_5_x86_64.manylinux1_x86_64.manylinux_2_17_x86_64.manylinux2014_x86_64.whl", hash = "sha256:55416d7385774285b6e2a5feca0af9652f7f444a4fa3d29d8ab052fafef9d00d"},
    {file = "coverage-7.2.3-cp311-cp311-musllinux_1_1_aarch64.whl", hash = "sha256:06ddd9c0249a0546997fdda5a30fbcb40f23926df0a874a60a8a185bc3a87d93"},
    {file = "coverage-7.2.3-cp311-cp311-musllinux_1_1_i686.whl", hash = "sha256:fff5aaa6becf2c6a1699ae6a39e2e6fb0672c2d42eca8eb0cafa91cf2e9bd312"},
    {file = "coverage-7.2.3-cp311-cp311-musllinux_1_1_x86_64.whl", hash = "sha256:ea53151d87c52e98133eb8ac78f1206498c015849662ca8dc246255265d9c3c4"},
    {file = "coverage-7.2.3-cp311-cp311-win32.whl", hash = "sha256:8f6c930fd70d91ddee53194e93029e3ef2aabe26725aa3c2753df057e296b925"},
    {file = "coverage-7.2.3-cp311-cp311-win_amd64.whl", hash = "sha256:fa546d66639d69aa967bf08156eb8c9d0cd6f6de84be9e8c9819f52ad499c910"},
    {file = "coverage-7.2.3-cp37-cp37m-macosx_10_9_x86_64.whl", hash = "sha256:b2317d5ed777bf5a033e83d4f1389fd4ef045763141d8f10eb09a7035cee774c"},
    {file = "coverage-7.2.3-cp37-cp37m-manylinux_2_17_aarch64.manylinux2014_aarch64.whl", hash = "sha256:be9824c1c874b73b96288c6d3de793bf7f3a597770205068c6163ea1f326e8b9"},
    {file = "coverage-7.2.3-cp37-cp37m-manylinux_2_5_i686.manylinux1_i686.manylinux_2_17_i686.manylinux2014_i686.whl", hash = "sha256:2c3b2803e730dc2797a017335827e9da6da0e84c745ce0f552e66400abdfb9a1"},
    {file = "coverage-7.2.3-cp37-cp37m-manylinux_2_5_x86_64.manylinux1_x86_64.manylinux_2_17_x86_64.manylinux2014_x86_64.whl", hash = "sha256:8f69770f5ca1994cb32c38965e95f57504d3aea96b6c024624fdd5bb1aa494a1"},
    {file = "coverage-7.2.3-cp37-cp37m-musllinux_1_1_aarch64.whl", hash = "sha256:1127b16220f7bfb3f1049ed4a62d26d81970a723544e8252db0efde853268e21"},
    {file = "coverage-7.2.3-cp37-cp37m-musllinux_1_1_i686.whl", hash = "sha256:aa784405f0c640940595fa0f14064d8e84aff0b0f762fa18393e2760a2cf5841"},
    {file = "coverage-7.2.3-cp37-cp37m-musllinux_1_1_x86_64.whl", hash = "sha256:3146b8e16fa60427e03884301bf8209221f5761ac754ee6b267642a2fd354c48"},
    {file = "coverage-7.2.3-cp37-cp37m-win32.whl", hash = "sha256:1fd78b911aea9cec3b7e1e2622c8018d51c0d2bbcf8faaf53c2497eb114911c1"},
    {file = "coverage-7.2.3-cp37-cp37m-win_amd64.whl", hash = "sha256:0f3736a5d34e091b0a611964c6262fd68ca4363df56185902528f0b75dbb9c1f"},
    {file = "coverage-7.2.3-cp38-cp38-macosx_10_9_x86_64.whl", hash = "sha256:981b4df72c93e3bc04478153df516d385317628bd9c10be699c93c26ddcca8ab"},
    {file = "coverage-7.2.3-cp38-cp38-macosx_11_0_arm64.whl", hash = "sha256:c0045f8f23a5fb30b2eb3b8a83664d8dc4fb58faddf8155d7109166adb9f2040"},
    {file = "coverage-7.2.3-cp38-cp38-manylinux_2_17_aarch64.manylinux2014_aarch64.whl", hash = "sha256:f760073fcf8f3d6933178d67754f4f2d4e924e321f4bb0dcef0424ca0215eba1"},
    {file = "coverage-7.2.3-cp38-cp38-manylinux_2_5_i686.manylinux1_i686.manylinux_2_17_i686.manylinux2014_i686.whl", hash = "sha256:c86bd45d1659b1ae3d0ba1909326b03598affbc9ed71520e0ff8c31a993ad911"},
    {file = "coverage-7.2.3-cp38-cp38-manylinux_2_5_x86_64.manylinux1_x86_64.manylinux_2_17_x86_64.manylinux2014_x86_64.whl", hash = "sha256:172db976ae6327ed4728e2507daf8a4de73c7cc89796483e0a9198fd2e47b462"},
    {file = "coverage-7.2.3-cp38-cp38-musllinux_1_1_aarch64.whl", hash = "sha256:d2a3a6146fe9319926e1d477842ca2a63fe99af5ae690b1f5c11e6af074a6b5c"},
    {file = "coverage-7.2.3-cp38-cp38-musllinux_1_1_i686.whl", hash = "sha256:f649dd53833b495c3ebd04d6eec58479454a1784987af8afb77540d6c1767abd"},
    {file = "coverage-7.2.3-cp38-cp38-musllinux_1_1_x86_64.whl", hash = "sha256:7c4ed4e9f3b123aa403ab424430b426a1992e6f4c8fd3cb56ea520446e04d152"},
    {file = "coverage-7.2.3-cp38-cp38-win32.whl", hash = "sha256:eb0edc3ce9760d2f21637766c3aa04822030e7451981ce569a1b3456b7053f22"},
    {file = "coverage-7.2.3-cp38-cp38-win_amd64.whl", hash = "sha256:63cdeaac4ae85a179a8d6bc09b77b564c096250d759eed343a89d91bce8b6367"},
    {file = "coverage-7.2.3-cp39-cp39-macosx_10_9_x86_64.whl", hash = "sha256:20d1a2a76bb4eb00e4d36b9699f9b7aba93271c9c29220ad4c6a9581a0320235"},
    {file = "coverage-7.2.3-cp39-cp39-macosx_11_0_arm64.whl", hash = "sha256:4ea748802cc0de4de92ef8244dd84ffd793bd2e7be784cd8394d557a3c751e21"},
    {file = "coverage-7.2.3-cp39-cp39-manylinux_2_17_aarch64.manylinux2014_aarch64.whl", hash = "sha256:21b154aba06df42e4b96fc915512ab39595105f6c483991287021ed95776d934"},
    {file = "coverage-7.2.3-cp39-cp39-manylinux_2_5_i686.manylinux1_i686.manylinux_2_17_i686.manylinux2014_i686.whl", hash = "sha256:fd214917cabdd6f673a29d708574e9fbdb892cb77eb426d0eae3490d95ca7859"},
    {file = "coverage-7.2.3-cp39-cp39-manylinux_2_5_x86_64.manylinux1_x86_64.manylinux_2_17_x86_64.manylinux2014_x86_64.whl", hash = "sha256:2c2e58e45fe53fab81f85474e5d4d226eeab0f27b45aa062856c89389da2f0d9"},
    {file = "coverage-7.2.3-cp39-cp39-musllinux_1_1_aarch64.whl", hash = "sha256:87ecc7c9a1a9f912e306997ffee020297ccb5ea388421fe62a2a02747e4d5539"},
    {file = "coverage-7.2.3-cp39-cp39-musllinux_1_1_i686.whl", hash = "sha256:387065e420aed3c71b61af7e82c7b6bc1c592f7e3c7a66e9f78dd178699da4fe"},
    {file = "coverage-7.2.3-cp39-cp39-musllinux_1_1_x86_64.whl", hash = "sha256:ea3f5bc91d7d457da7d48c7a732beaf79d0c8131df3ab278e6bba6297e23c6c4"},
    {file = "coverage-7.2.3-cp39-cp39-win32.whl", hash = "sha256:ae7863a1d8db6a014b6f2ff9c1582ab1aad55a6d25bac19710a8df68921b6e30"},
    {file = "coverage-7.2.3-cp39-cp39-win_amd64.whl", hash = "sha256:3f04becd4fcda03c0160d0da9c8f0c246bc78f2f7af0feea1ec0930e7c93fa4a"},
    {file = "coverage-7.2.3-pp37.pp38.pp39-none-any.whl", hash = "sha256:965ee3e782c7892befc25575fa171b521d33798132692df428a09efacaffe8d0"},
    {file = "coverage-7.2.3.tar.gz", hash = "sha256:d298c2815fa4891edd9abe5ad6e6cb4207104c7dd9fd13aea3fdebf6f9b91259"},
]

[package.extras]
toml = ["tomli"]

[[package]]
name = "iniconfig"
version = "2.0.0"
description = "brain-dead simple config-ini parsing"
category = "dev"
optional = false
python-versions = ">=3.7"
files = [
    {file = "iniconfig-2.0.0-py3-none-any.whl", hash = "sha256:b6a85871a79d2e3b22d2d1b94ac2824226a63c6b741c88f7ae975f18b6778374"},
    {file = "iniconfig-2.0.0.tar.gz", hash = "sha256:2d91e135bf72d31a410b17c16da610a82cb55f6b0477d1a902134b24a455b8b3"},
]

[[package]]
name = "mypy"
version = "1.2.0"
description = "Optional static typing for Python"
category = "dev"
optional = false
python-versions = ">=3.7"
files = [
    {file = "mypy-1.2.0-cp310-cp310-macosx_10_9_x86_64.whl", hash = "sha256:701189408b460a2ff42b984e6bd45c3f41f0ac9f5f58b8873bbedc511900086d"},
    {file = "mypy-1.2.0-cp310-cp310-macosx_11_0_arm64.whl", hash = "sha256:fe91be1c51c90e2afe6827601ca14353bbf3953f343c2129fa1e247d55fd95ba"},
    {file = "mypy-1.2.0-cp310-cp310-manylinux_2_17_x86_64.manylinux2014_x86_64.whl", hash = "sha256:8d26b513225ffd3eacece727f4387bdce6469192ef029ca9dd469940158bc89e"},
    {file = "mypy-1.2.0-cp310-cp310-musllinux_1_1_x86_64.whl", hash = "sha256:3a2d219775a120581a0ae8ca392b31f238d452729adbcb6892fa89688cb8306a"},
    {file = "mypy-1.2.0-cp310-cp310-win_amd64.whl", hash = "sha256:2e93a8a553e0394b26c4ca683923b85a69f7ccdc0139e6acd1354cc884fe0128"},
    {file = "mypy-1.2.0-cp311-cp311-macosx_10_9_x86_64.whl", hash = "sha256:3efde4af6f2d3ccf58ae825495dbb8d74abd6d176ee686ce2ab19bd025273f41"},
    {file = "mypy-1.2.0-cp311-cp311-macosx_11_0_arm64.whl", hash = "sha256:695c45cea7e8abb6f088a34a6034b1d273122e5530aeebb9c09626cea6dca4cb"},
    {file = "mypy-1.2.0-cp311-cp311-manylinux_2_17_x86_64.manylinux2014_x86_64.whl", hash = "sha256:d0e9464a0af6715852267bf29c9553e4555b61f5904a4fc538547a4d67617937"},
    {file = "mypy-1.2.0-cp311-cp311-musllinux_1_1_x86_64.whl", hash = "sha256:8293a216e902ac12779eb7a08f2bc39ec6c878d7c6025aa59464e0c4c16f7eb9"},
    {file = "mypy-1.2.0-cp311-cp311-win_amd64.whl", hash = "sha256:f46af8d162f3d470d8ffc997aaf7a269996d205f9d746124a179d3abe05ac602"},
    {file = "mypy-1.2.0-cp37-cp37m-macosx_10_9_x86_64.whl", hash = "sha256:031fc69c9a7e12bcc5660b74122ed84b3f1c505e762cc4296884096c6d8ee140"},
    {file = "mypy-1.2.0-cp37-cp37m-manylinux_2_17_x86_64.manylinux2014_x86_64.whl", hash = "sha256:390bc685ec209ada4e9d35068ac6988c60160b2b703072d2850457b62499e336"},
    {file = "mypy-1.2.0-cp37-cp37m-musllinux_1_1_x86_64.whl", hash = "sha256:4b41412df69ec06ab141808d12e0bf2823717b1c363bd77b4c0820feaa37249e"},
    {file = "mypy-1.2.0-cp37-cp37m-win_amd64.whl", hash = "sha256:4e4a682b3f2489d218751981639cffc4e281d548f9d517addfd5a2917ac78119"},
    {file = "mypy-1.2.0-cp38-cp38-macosx_10_9_x86_64.whl", hash = "sha256:a197ad3a774f8e74f21e428f0de7f60ad26a8d23437b69638aac2764d1e06a6a"},
    {file = "mypy-1.2.0-cp38-cp38-macosx_11_0_arm64.whl", hash = "sha256:c9a084bce1061e55cdc0493a2ad890375af359c766b8ac311ac8120d3a472950"},
    {file = "mypy-1.2.0-cp38-cp38-manylinux_2_17_x86_64.manylinux2014_x86_64.whl", hash = "sha256:eaeaa0888b7f3ccb7bcd40b50497ca30923dba14f385bde4af78fac713d6d6f6"},
    {file = "mypy-1.2.0-cp38-cp38-musllinux_1_1_x86_64.whl", hash = "sha256:bea55fc25b96c53affab852ad94bf111a3083bc1d8b0c76a61dd101d8a388cf5"},
    {file = "mypy-1.2.0-cp38-cp38-win_amd64.whl", hash = "sha256:4c8d8c6b80aa4a1689f2a179d31d86ae1367ea4a12855cc13aa3ba24bb36b2d8"},
    {file = "mypy-1.2.0-cp39-cp39-macosx_10_9_x86_64.whl", hash = "sha256:70894c5345bea98321a2fe84df35f43ee7bb0feec117a71420c60459fc3e1eed"},
    {file = "mypy-1.2.0-cp39-cp39-macosx_11_0_arm64.whl", hash = "sha256:4a99fe1768925e4a139aace8f3fb66db3576ee1c30b9c0f70f744ead7e329c9f"},
    {file = "mypy-1.2.0-cp39-cp39-manylinux_2_17_x86_64.manylinux2014_x86_64.whl", hash = "sha256:023fe9e618182ca6317ae89833ba422c411469156b690fde6a315ad10695a521"},
    {file = "mypy-1.2.0-cp39-cp39-musllinux_1_1_x86_64.whl", hash = "sha256:4d19f1a239d59f10fdc31263d48b7937c585810288376671eaf75380b074f238"},
    {file = "mypy-1.2.0-cp39-cp39-win_amd64.whl", hash = "sha256:2de7babe398cb7a85ac7f1fd5c42f396c215ab3eff731b4d761d68d0f6a80f48"},
    {file = "mypy-1.2.0-py3-none-any.whl", hash = "sha256:d8e9187bfcd5ffedbe87403195e1fc340189a68463903c39e2b63307c9fa0394"},
    {file = "mypy-1.2.0.tar.gz", hash = "sha256:f70a40410d774ae23fcb4afbbeca652905a04de7948eaf0b1789c8d1426b72d1"},
]

[package.dependencies]
mypy-extensions = ">=1.0.0"
typing-extensions = ">=3.10"

[package.extras]
dmypy = ["psutil (>=4.0)"]
install-types = ["pip"]
python2 = ["typed-ast (>=1.4.0,<2)"]
reports = ["lxml"]

[[package]]
name = "mypy-extensions"
version = "1.0.0"
description = "Type system extensions for programs checked with the mypy type checker."
category = "dev"
optional = false
python-versions = ">=3.5"
files = [
    {file = "mypy_extensions-1.0.0-py3-none-any.whl", hash = "sha256:4392f6c0eb8a5668a69e23d168ffa70f0be9ccfd32b5cc2d26a34ae5b844552d"},
    {file = "mypy_extensions-1.0.0.tar.gz", hash = "sha256:75dbf8955dc00442a438fc4d0666508a9a97b6bd41aa2f0ffe9d2f2725af0782"},
]

[[package]]
name = "packaging"
version = "23.1"
description = "Core utilities for Python packages"
category = "main"
optional = false
python-versions = ">=3.7"
files = [
    {file = "packaging-23.1-py3-none-any.whl", hash = "sha256:994793af429502c4ea2ebf6bf664629d07c1a9fe974af92966e4b8d2df7edc61"},
    {file = "packaging-23.1.tar.gz", hash = "sha256:a392980d2b6cffa644431898be54b0045151319d1e7ec34f0cfed48767dd334f"},
]

[[package]]
name = "pluggy"
version = "1.0.0"
description = "plugin and hook calling mechanisms for python"
category = "dev"
optional = false
python-versions = ">=3.6"
files = [
    {file = "pluggy-1.0.0-py2.py3-none-any.whl", hash = "sha256:74134bbf457f031a36d68416e1509f34bd5ccc019f0bcc952c7b909d06b37bd3"},
    {file = "pluggy-1.0.0.tar.gz", hash = "sha256:4224373bacce55f955a878bf9cfa763c1e360858e330072059e10bad68531159"},
]

[package.extras]
dev = ["pre-commit", "tox"]
testing = ["pytest", "pytest-benchmark"]

[[package]]
name = "py-cpuinfo"
version = "9.0.0"
description = "Get CPU info with pure Python"
category = "dev"
optional = false
python-versions = "*"
files = [
    {file = "py-cpuinfo-9.0.0.tar.gz", hash = "sha256:3cdbbf3fac90dc6f118bfd64384f309edeadd902d7c8fb17f02ffa1fc3f49690"},
    {file = "py_cpuinfo-9.0.0-py3-none-any.whl", hash = "sha256:859625bc251f64e21f077d099d4162689c762b5d6a4c3c97553d56241c9674d5"},
]

[[package]]
name = "pydantic"
version = "2.0a3"
description = "Data validation using Python type hints"
category = "main"
optional = false
python-versions = ">=3.7"
files = [
    {file = "pydantic-2.0a3-py3-none-any.whl", hash = "sha256:4bbd961e806eeeb5c9489c7352fb2cfcd0c58f80e0702065b251ce309fc8f6ec"},
    {file = "pydantic-2.0a3.tar.gz", hash = "sha256:3fcf5a31489ba491b4519fb75f86d03d221a938bc8e794453cd2cfce75cb76a5"},
]

[package.dependencies]
annotated-types = ">=0.4.0"
pydantic-core = "0.25.0"
typing-extensions = ">=4.2.0"

[package.extras]
email = ["email-validator (>=1.3.0)"]

[[package]]
name = "pydantic-core"
version = "0.25.0"
description = ""
category = "main"
optional = false
python-versions = ">=3.7"
files = [
    {file = "pydantic_core-0.25.0-cp310-cp310-macosx_10_7_x86_64.whl", hash = "sha256:97eb6422689eb714cc1f5af5d220cbbcbfbbb3778dc80f6edb578df42c94bef2"},
    {file = "pydantic_core-0.25.0-cp310-cp310-macosx_11_0_arm64.whl", hash = "sha256:239ae3b0cb209244cd8d3cd74ffef0e20602aaa4c7d2718a405c324d1c7af5f0"},
    {file = "pydantic_core-0.25.0-cp310-cp310-manylinux_2_17_aarch64.manylinux2014_aarch64.whl", hash = "sha256:b381b02c5c70e56f9d39263ab872fe1c40d73f4609ec0d5b57c2a0489bb579d2"},
    {file = "pydantic_core-0.25.0-cp310-cp310-manylinux_2_17_x86_64.manylinux2014_x86_64.whl", hash = "sha256:4618813403b1fca7f417f1604b59c4bbe7a637275bcccff30d92b31eeffaec6e"},
    {file = "pydantic_core-0.25.0-cp310-cp310-manylinux_2_24_armv7l.whl", hash = "sha256:f875acdcd51c0c72bdb046be5e1f979731ec97ed5102c55049188cd2f20a76be"},
    {file = "pydantic_core-0.25.0-cp310-cp310-manylinux_2_24_ppc64le.whl", hash = "sha256:6234592624e74ce3b397fba6f30688a74768fed107b30bad21d44f472b243bd4"},
    {file = "pydantic_core-0.25.0-cp310-cp310-manylinux_2_24_s390x.whl", hash = "sha256:8bb82dac1f0d34383b0a819544ba4c37e69a8f72c0d6e6dbbe29746147de28a3"},
    {file = "pydantic_core-0.25.0-cp310-cp310-manylinux_2_5_i686.manylinux1_i686.whl", hash = "sha256:00157f52a367d2763e05879d31d7369e22e53e6e1e196a66607452d3d229960a"},
    {file = "pydantic_core-0.25.0-cp310-cp310-musllinux_1_1_aarch64.whl", hash = "sha256:0c243c29bba9eb8132da3a9993a69dc295af6205f751a5d4458ff5dcdf80644c"},
    {file = "pydantic_core-0.25.0-cp310-cp310-musllinux_1_1_x86_64.whl", hash = "sha256:db6f00e16273f24342a5ed1c44aaf533c70e087d5daab01debc383015e75dde9"},
    {file = "pydantic_core-0.25.0-cp310-none-win32.whl", hash = "sha256:43d5eb23050ba96d4f1d6f00198e8fa0d85341cfc61151d07b755f1877b4bea5"},
    {file = "pydantic_core-0.25.0-cp310-none-win_amd64.whl", hash = "sha256:03a152d69d5849a6820023806b8198b398b79f675ce6f72cc5a0a9ab2922a858"},
    {file = "pydantic_core-0.25.0-cp311-cp311-macosx_10_7_x86_64.whl", hash = "sha256:7e324e608e1650ccac731ae6077c7bf86f88a930a6e71b412dbe53106008e53d"},
    {file = "pydantic_core-0.25.0-cp311-cp311-macosx_11_0_arm64.whl", hash = "sha256:24fcfbcf31b998b4e382fb192ca6d929b32f380132dd607610290fad040e5656"},
    {file = "pydantic_core-0.25.0-cp311-cp311-manylinux_2_17_aarch64.manylinux2014_aarch64.whl", hash = "sha256:4f88b38b223893c183d733572b815a6931adaeaaed5c986e480ea47d3f94ff67"},
    {file = "pydantic_core-0.25.0-cp311-cp311-manylinux_2_17_x86_64.manylinux2014_x86_64.whl", hash = "sha256:09a7997b8c44353d36e7a14f7eebf9c45595709198d6dd73d8b0b1f3423ec42b"},
    {file = "pydantic_core-0.25.0-cp311-cp311-manylinux_2_24_armv7l.whl", hash = "sha256:01a0c73f018f6969e1e7393bfa0cac999c46d3ab80a8224ed15b0c641dfc96b2"},
    {file = "pydantic_core-0.25.0-cp311-cp311-manylinux_2_24_ppc64le.whl", hash = "sha256:a78542cf83fa81760bc515242c7508bacca8378ebdf7f081674e0d7d07186157"},
    {file = "pydantic_core-0.25.0-cp311-cp311-manylinux_2_24_s390x.whl", hash = "sha256:149c60c812ace1262008d186193a6c856d980e1913e0f7263b46c26321009efb"},
    {file = "pydantic_core-0.25.0-cp311-cp311-manylinux_2_5_i686.manylinux1_i686.whl", hash = "sha256:9b5d094ad5728454e14115fed93766ae5ab89aacc218d4c641eb148bfdf0b555"},
    {file = "pydantic_core-0.25.0-cp311-cp311-musllinux_1_1_aarch64.whl", hash = "sha256:78df29c6c8bbdb02c27443a7b9b6a32281138c92d675a0ff0891eca6657fda9f"},
    {file = "pydantic_core-0.25.0-cp311-cp311-musllinux_1_1_x86_64.whl", hash = "sha256:2fb489cd9e53efa4ea88f6c9b7cf8e4bba3cad42df3a9781bd30c072617ce1a0"},
    {file = "pydantic_core-0.25.0-cp311-none-win32.whl", hash = "sha256:64a4fef2ff3f8e63aedc24bd8b0f4dfdd117082ec90671ea4518d51d3a21df23"},
    {file = "pydantic_core-0.25.0-cp311-none-win_amd64.whl", hash = "sha256:1a20d538c8538f8c75ea5341dc21f94ef1882db86f2f2fd4fc61ee2a4419813a"},
    {file = "pydantic_core-0.25.0-cp37-cp37m-macosx_10_7_x86_64.whl", hash = "sha256:ded1aabeb5f358c5ae984137e123bdb547abfa96c8f673300f8498ce832c1b9c"},
    {file = "pydantic_core-0.25.0-cp37-cp37m-macosx_11_0_arm64.whl", hash = "sha256:ce0b300f5f50dfc70bf9c5eaf525600cd420c7611b0b0dc6ec62458717e955ee"},
    {file = "pydantic_core-0.25.0-cp37-cp37m-manylinux_2_17_aarch64.manylinux2014_aarch64.whl", hash = "sha256:28739b0cc481dde1189ded7d691a181d61d2a8c7e503be06694bdce3586e3ecd"},
    {file = "pydantic_core-0.25.0-cp37-cp37m-manylinux_2_17_x86_64.manylinux2014_x86_64.whl", hash = "sha256:0254dce1639811384a806a77eedd24bd03554cbdafba094b03c95ba0325b5b74"},
    {file = "pydantic_core-0.25.0-cp37-cp37m-manylinux_2_24_armv7l.whl", hash = "sha256:aa3786722b293be9e8dde8a8d72cc9ed3412589755970876de6ac4167d3c0a87"},
    {file = "pydantic_core-0.25.0-cp37-cp37m-manylinux_2_24_ppc64le.whl", hash = "sha256:0fcc69217de13a6f8a926a37946e0901aec0c9b66259dde260584cd911c97aa5"},
    {file = "pydantic_core-0.25.0-cp37-cp37m-manylinux_2_24_s390x.whl", hash = "sha256:fa5af4d978744e493184ecc334f23b91f93c1bf700a88fd91a6883369ab8d276"},
    {file = "pydantic_core-0.25.0-cp37-cp37m-manylinux_2_5_i686.manylinux1_i686.whl", hash = "sha256:bb7bb8ecb02180d62a9c751f44a5b1f126d582a866c02372f1b922a6a8e872b4"},
    {file = "pydantic_core-0.25.0-cp37-cp37m-musllinux_1_1_aarch64.whl", hash = "sha256:09d0446252d93e1a1d4e669fc2eb429b42e66b1dd251145ebb8d17623bfc6fcc"},
    {file = "pydantic_core-0.25.0-cp37-cp37m-musllinux_1_1_x86_64.whl", hash = "sha256:ab006970f59350f538fc01dfd1ee4fd15689490471dfc02bd68503845cd4e474"},
    {file = "pydantic_core-0.25.0-cp37-none-win32.whl", hash = "sha256:52915248c47d414f75ccdbb496499ee83faff3a982b8886580c8dae58d411928"},
    {file = "pydantic_core-0.25.0-cp37-none-win_amd64.whl", hash = "sha256:a582fb6be0941db143944ec9f3e223d943c5410a963f969e1c813e0d941d5e30"},
    {file = "pydantic_core-0.25.0-cp38-cp38-macosx_10_7_x86_64.whl", hash = "sha256:2ba13d173bdd8d5d3b8d8c865cb9164bab1e9da7fd1f1fe21d3e88f3f53bfca6"},
    {file = "pydantic_core-0.25.0-cp38-cp38-macosx_11_0_arm64.whl", hash = "sha256:2c919d41c8e17b89d706825b7ad53a1d5834503b8222545c4751efff08cc3e8f"},
    {file = "pydantic_core-0.25.0-cp38-cp38-manylinux_2_17_aarch64.manylinux2014_aarch64.whl", hash = "sha256:fc17c9256540b688cd67fd3deef77dcff04ee8afe609ba418b15b43124fbc482"},
    {file = "pydantic_core-0.25.0-cp38-cp38-manylinux_2_17_x86_64.manylinux2014_x86_64.whl", hash = "sha256:17da247e12503862fe2450812cf71739787b2d813408d301bd9ba1c111167b98"},
    {file = "pydantic_core-0.25.0-cp38-cp38-manylinux_2_24_armv7l.whl", hash = "sha256:93cd520418048e4ab012dba62e2cbd59f60199036a77b1e120d06f1e126232e3"},
    {file = "pydantic_core-0.25.0-cp38-cp38-manylinux_2_24_ppc64le.whl", hash = "sha256:35e0f3ad3817845e48b51369a602efe4cebff1127352de1551263bc5a8392399"},
    {file = "pydantic_core-0.25.0-cp38-cp38-manylinux_2_24_s390x.whl", hash = "sha256:bff3ac8f17065e463402597f8c71c2c09045e7391a6e22ef9b43ec1c7f14999b"},
    {file = "pydantic_core-0.25.0-cp38-cp38-manylinux_2_5_i686.manylinux1_i686.whl", hash = "sha256:914ad3974d07dc17c65f46df9c896a54ac51c8bc6c657c4ab415b5d59de894cc"},
    {file = "pydantic_core-0.25.0-cp38-cp38-musllinux_1_1_aarch64.whl", hash = "sha256:36fb117df24151ee0740e99f16f183054dfbfa7d2d0b74df195a929bb59d8259"},
    {file = "pydantic_core-0.25.0-cp38-cp38-musllinux_1_1_x86_64.whl", hash = "sha256:a68366aae4fc15b7738aacd910b10f432296f03f5fc3b622b68f4bca901206b3"},
    {file = "pydantic_core-0.25.0-cp38-none-win32.whl", hash = "sha256:58b65440b8149439f541910a71c0ccf23c388553b9539c25ebebaa95759c4017"},
    {file = "pydantic_core-0.25.0-cp38-none-win_amd64.whl", hash = "sha256:5e4f28e67d338fb7ccc38ee39dcd35fe88ff72d2ab71336768b50077a19d4142"},
    {file = "pydantic_core-0.25.0-cp39-cp39-macosx_10_7_x86_64.whl", hash = "sha256:d71a45a30286b93728c0de71733128589934008ee906b826dbcffe9fdb1d343c"},
    {file = "pydantic_core-0.25.0-cp39-cp39-macosx_11_0_arm64.whl", hash = "sha256:82bcd983fc15064928d62ade5f0352058e4ee02e809d74847e9f6d0e24736add"},
    {file = "pydantic_core-0.25.0-cp39-cp39-manylinux_2_17_aarch64.manylinux2014_aarch64.whl", hash = "sha256:b7a35610fe3c65334dc48ed6abeb459643a0becbd95a507ac3581da80d7f7a28"},
    {file = "pydantic_core-0.25.0-cp39-cp39-manylinux_2_17_x86_64.manylinux2014_x86_64.whl", hash = "sha256:b756443ba2ec6295236da587fe91a0ba99bd9131416e6163a000ae58e4724ae0"},
    {file = "pydantic_core-0.25.0-cp39-cp39-manylinux_2_24_armv7l.whl", hash = "sha256:92a8b8542929f40718cb58638f46c99fcd2470c8b58d50c5fad5facac5b2fe00"},
    {file = "pydantic_core-0.25.0-cp39-cp39-manylinux_2_24_ppc64le.whl", hash = "sha256:3fc30e7dcbc962edb649facd8d963df3c958ee762a66bc0e6bb43050497437e1"},
    {file = "pydantic_core-0.25.0-cp39-cp39-manylinux_2_24_s390x.whl", hash = "sha256:f1f636d2c39f694cbe82645ade8d27250fadac48bd1d47648dd0f38a487f8c51"},
    {file = "pydantic_core-0.25.0-cp39-cp39-manylinux_2_5_i686.manylinux1_i686.whl", hash = "sha256:b9ede8cf2dce74599f5e90850330ecf8c0ef67575d7bc6ccda682714910b6c69"},
    {file = "pydantic_core-0.25.0-cp39-cp39-musllinux_1_1_aarch64.whl", hash = "sha256:1aad4545ebfa5984095970d88c2366d6b8de2d5716f3f416ef814048371b62d0"},
    {file = "pydantic_core-0.25.0-cp39-cp39-musllinux_1_1_x86_64.whl", hash = "sha256:4363bbcf28a1230b71c2437cd98234e00402bb6fd48026a134230760ca69e715"},
    {file = "pydantic_core-0.25.0-cp39-none-win32.whl", hash = "sha256:56552d6a75d2a06e7fa1fb355d6b43404490f270c49db3cd251ef074762d8c5e"},
    {file = "pydantic_core-0.25.0-cp39-none-win_amd64.whl", hash = "sha256:b45581c01d6ee27c0390aa49eb2c19eaa47a6f0f0cab7fe282a9680402d1b014"},
    {file = "pydantic_core-0.25.0-pp37-pypy37_pp73-macosx_10_7_x86_64.whl", hash = "sha256:ace2e31043892352fed279fd6c1495bc66043d74b6fb04c3868e6056d3d07642"},
    {file = "pydantic_core-0.25.0-pp37-pypy37_pp73-manylinux_2_17_aarch64.manylinux2014_aarch64.whl", hash = "sha256:6d52e17b211a304f6375ef529b21869c573b866ab2bd1bf5aeba46780e7b8359"},
    {file = "pydantic_core-0.25.0-pp37-pypy37_pp73-manylinux_2_17_x86_64.manylinux2014_x86_64.whl", hash = "sha256:d4059c7c0e4ecf986bc864579820176e13f0896b3e0dd3b72c96298015cc1788"},
    {file = "pydantic_core-0.25.0-pp37-pypy37_pp73-manylinux_2_5_i686.manylinux1_i686.whl", hash = "sha256:b4fa2fbc2e4273c863abf14a73d4182b17d8d85ec5ad795de8c31dd7921a9738"},
    {file = "pydantic_core-0.25.0-pp37-pypy37_pp73-musllinux_1_1_aarch64.whl", hash = "sha256:5d4e50a162d119389d7c4f0ba00021e00ec3a0b62069bf8e55cd296149a10442"},
    {file = "pydantic_core-0.25.0-pp37-pypy37_pp73-musllinux_1_1_x86_64.whl", hash = "sha256:2fb90b6df8feafc95dcd708f0bf8fbca2413f686425c0ab41916872b26ee635a"},
    {file = "pydantic_core-0.25.0-pp38-pypy38_pp73-macosx_10_7_x86_64.whl", hash = "sha256:b8358f18c1090293d6e22ed14a1ad6940421d2a10f9f276c8a2119ef5697ea67"},
    {file = "pydantic_core-0.25.0-pp38-pypy38_pp73-manylinux_2_17_aarch64.manylinux2014_aarch64.whl", hash = "sha256:fc8441277e75ef2026f00584511be92a8824a0ae7304fa51c8b48962665ec3c4"},
    {file = "pydantic_core-0.25.0-pp38-pypy38_pp73-manylinux_2_17_x86_64.manylinux2014_x86_64.whl", hash = "sha256:bc704bc051636ef8ef0d75d64a1e6094f96d188ca0cd772048ebbbf6863d8fc8"},
    {file = "pydantic_core-0.25.0-pp38-pypy38_pp73-manylinux_2_5_i686.manylinux1_i686.whl", hash = "sha256:8e0150ca25eeb7836aeb37ca05dd22f167d74a25fad100d58f93c20ff063c934"},
    {file = "pydantic_core-0.25.0-pp38-pypy38_pp73-musllinux_1_1_aarch64.whl", hash = "sha256:bf0de2e8f2bb0a8178a9c861a7e4cf820ddf5cab93af4f78c962e0f1c8391b38"},
    {file = "pydantic_core-0.25.0-pp38-pypy38_pp73-musllinux_1_1_x86_64.whl", hash = "sha256:26254d3012c823c7f26d81644027a096d83c914c6f5c0893e244a9333c7aa243"},
    {file = "pydantic_core-0.25.0-pp38-pypy38_pp73-win_amd64.whl", hash = "sha256:a2a06dc032524cdad60d1a56d6a467ca649b633a6ad0315033b1d590377ade21"},
    {file = "pydantic_core-0.25.0-pp39-pypy39_pp73-macosx_10_7_x86_64.whl", hash = "sha256:73287ea35d999332e443dbbdf3b9eb963c516e113bacb7f609735562a16ecc84"},
    {file = "pydantic_core-0.25.0-pp39-pypy39_pp73-manylinux_2_17_aarch64.manylinux2014_aarch64.whl", hash = "sha256:4955568b102d57b099a3c8ec8e91f480986c55b761d3a46b69583f1381a157e6"},
    {file = "pydantic_core-0.25.0-pp39-pypy39_pp73-manylinux_2_17_x86_64.manylinux2014_x86_64.whl", hash = "sha256:15f6633fe7259e5f65ef8fd44fefc0969ab2f68744b12522ebe97e0c1fd46517"},
    {file = "pydantic_core-0.25.0-pp39-pypy39_pp73-manylinux_2_5_i686.manylinux1_i686.whl", hash = "sha256:7a548b1bdefd5d5a87dd064343e5b78e9bf7b66c64c4d2b26706f58e8f2594b6"},
    {file = "pydantic_core-0.25.0-pp39-pypy39_pp73-musllinux_1_1_aarch64.whl", hash = "sha256:3d76b5f7d01d2f58e34ff7460c30ee61f9a1db885a568b7904bd943c916bcd3b"},
    {file = "pydantic_core-0.25.0-pp39-pypy39_pp73-musllinux_1_1_x86_64.whl", hash = "sha256:aec5b257f40f66a81df35fa9381e84dc4945ec20e1a99006a832d2bd7c730ab2"},
    {file = "pydantic_core-0.25.0-pp39-pypy39_pp73-win_amd64.whl", hash = "sha256:c81c8f78ccfe24de9a834e0c0ea1c78d9a61460b925402f4b8fd4e87ac7ba270"},
    {file = "pydantic_core-0.25.0.tar.gz", hash = "sha256:6ed58ce669d13c076095adaea3331f48ab914485eb1ce6f462c08c982edf935e"},
]

[[package]]
name = "pytest"
version = "7.3.1"
description = "pytest: simple powerful testing with Python"
category = "dev"
optional = false
python-versions = ">=3.7"
files = [
    {file = "pytest-7.3.1-py3-none-any.whl", hash = "sha256:3799fa815351fea3a5e96ac7e503a96fa51cc9942c3753cda7651b93c1cfa362"},
    {file = "pytest-7.3.1.tar.gz", hash = "sha256:434afafd78b1d78ed0addf160ad2b77a30d35d4bdf8af234fe621919d9ed15e3"},
]

[package.dependencies]
colorama = {version = "*", markers = "sys_platform == \"win32\""}
iniconfig = "*"
packaging = "*"
pluggy = ">=0.12,<2.0"

[package.extras]
testing = ["argcomplete", "attrs (>=19.2.0)", "hypothesis (>=3.56)", "mock", "nose", "pygments (>=2.7.2)", "requests", "xmlschema"]

[[package]]
name = "pytest-benchmark"
version = "4.0.0"
description = "A ``pytest`` fixture for benchmarking code. It will group the tests into rounds that are calibrated to the chosen timer."
category = "dev"
optional = false
python-versions = ">=3.7"
files = [
    {file = "pytest-benchmark-4.0.0.tar.gz", hash = "sha256:fb0785b83efe599a6a956361c0691ae1dbb5318018561af10f3e915caa0048d1"},
    {file = "pytest_benchmark-4.0.0-py3-none-any.whl", hash = "sha256:fdb7db64e31c8b277dff9850d2a2556d8b60bcb0ea6524e36e28ffd7c87f71d6"},
]

[package.dependencies]
py-cpuinfo = "*"
pytest = ">=3.8"

[package.extras]
aspect = ["aspectlib"]
elasticsearch = ["elasticsearch"]
histogram = ["pygal", "pygaljs"]

[[package]]
name = "pytest-cov"
version = "4.0.0"
description = "Pytest plugin for measuring coverage."
category = "dev"
optional = false
python-versions = ">=3.6"
files = [
    {file = "pytest-cov-4.0.0.tar.gz", hash = "sha256:996b79efde6433cdbd0088872dbc5fb3ed7fe1578b68cdbba634f14bb8dd0470"},
    {file = "pytest_cov-4.0.0-py3-none-any.whl", hash = "sha256:2feb1b751d66a8bd934e5edfa2e961d11309dc37b73b0eabe73b5945fee20f6b"},
]

[package.dependencies]
coverage = {version = ">=5.2.1", extras = ["toml"]}
pytest = ">=4.6"

[package.extras]
testing = ["fields", "hunter", "process-tests", "pytest-xdist", "six", "virtualenv"]

[[package]]
name = "pytest-mypy-testing"
version = "0.1.1"
description = "Pytest plugin to check mypy output."
category = "dev"
optional = false
python-versions = ">=3.7"
files = [
    {file = "pytest-mypy-testing-0.1.1.tar.gz", hash = "sha256:31b1b8ec869b2029b2e15ba9913c7dc089b6197626efd559d6e3c5e763a0725e"},
    {file = "pytest_mypy_testing-0.1.1-py3-none-any.whl", hash = "sha256:2c10a079e4333550f648e66e1ab7ab5fc53f7791a690584abba549398e3441d7"},
]

[package.dependencies]
mypy = ">=0.931"
pytest = ">=7,<8"

[[package]]
name = "pyyaml"
version = "6.0"
description = "YAML parser and emitter for Python"
category = "main"
optional = false
python-versions = ">=3.6"
files = [
    {file = "PyYAML-6.0-cp310-cp310-macosx_10_9_x86_64.whl", hash = "sha256:d4db7c7aef085872ef65a8fd7d6d09a14ae91f691dec3e87ee5ee0539d516f53"},
    {file = "PyYAML-6.0-cp310-cp310-macosx_11_0_arm64.whl", hash = "sha256:9df7ed3b3d2e0ecfe09e14741b857df43adb5a3ddadc919a2d94fbdf78fea53c"},
    {file = "PyYAML-6.0-cp310-cp310-manylinux_2_17_aarch64.manylinux2014_aarch64.whl", hash = "sha256:77f396e6ef4c73fdc33a9157446466f1cff553d979bd00ecb64385760c6babdc"},
    {file = "PyYAML-6.0-cp310-cp310-manylinux_2_17_s390x.manylinux2014_s390x.whl", hash = "sha256:a80a78046a72361de73f8f395f1f1e49f956c6be882eed58505a15f3e430962b"},
    {file = "PyYAML-6.0-cp310-cp310-manylinux_2_5_x86_64.manylinux1_x86_64.manylinux_2_12_x86_64.manylinux2010_x86_64.whl", hash = "sha256:f84fbc98b019fef2ee9a1cb3ce93e3187a6df0b2538a651bfb890254ba9f90b5"},
    {file = "PyYAML-6.0-cp310-cp310-win32.whl", hash = "sha256:2cd5df3de48857ed0544b34e2d40e9fac445930039f3cfe4bcc592a1f836d513"},
    {file = "PyYAML-6.0-cp310-cp310-win_amd64.whl", hash = "sha256:daf496c58a8c52083df09b80c860005194014c3698698d1a57cbcfa182142a3a"},
    {file = "PyYAML-6.0-cp311-cp311-macosx_10_9_x86_64.whl", hash = "sha256:d4b0ba9512519522b118090257be113b9468d804b19d63c71dbcf4a48fa32358"},
    {file = "PyYAML-6.0-cp311-cp311-macosx_11_0_arm64.whl", hash = "sha256:81957921f441d50af23654aa6c5e5eaf9b06aba7f0a19c18a538dc7ef291c5a1"},
    {file = "PyYAML-6.0-cp311-cp311-manylinux_2_17_aarch64.manylinux2014_aarch64.whl", hash = "sha256:afa17f5bc4d1b10afd4466fd3a44dc0e245382deca5b3c353d8b757f9e3ecb8d"},
    {file = "PyYAML-6.0-cp311-cp311-manylinux_2_17_s390x.manylinux2014_s390x.whl", hash = "sha256:dbad0e9d368bb989f4515da330b88a057617d16b6a8245084f1b05400f24609f"},
    {file = "PyYAML-6.0-cp311-cp311-manylinux_2_17_x86_64.manylinux2014_x86_64.whl", hash = "sha256:432557aa2c09802be39460360ddffd48156e30721f5e8d917f01d31694216782"},
    {file = "PyYAML-6.0-cp311-cp311-win32.whl", hash = "sha256:bfaef573a63ba8923503d27530362590ff4f576c626d86a9fed95822a8255fd7"},
    {file = "PyYAML-6.0-cp311-cp311-win_amd64.whl", hash = "sha256:01b45c0191e6d66c470b6cf1b9531a771a83c1c4208272ead47a3ae4f2f603bf"},
    {file = "PyYAML-6.0-cp36-cp36m-macosx_10_9_x86_64.whl", hash = "sha256:897b80890765f037df3403d22bab41627ca8811ae55e9a722fd0392850ec4d86"},
    {file = "PyYAML-6.0-cp36-cp36m-manylinux_2_17_aarch64.manylinux2014_aarch64.whl", hash = "sha256:50602afada6d6cbfad699b0c7bb50d5ccffa7e46a3d738092afddc1f9758427f"},
    {file = "PyYAML-6.0-cp36-cp36m-manylinux_2_17_s390x.manylinux2014_s390x.whl", hash = "sha256:48c346915c114f5fdb3ead70312bd042a953a8ce5c7106d5bfb1a5254e47da92"},
    {file = "PyYAML-6.0-cp36-cp36m-manylinux_2_5_x86_64.manylinux1_x86_64.manylinux_2_12_x86_64.manylinux2010_x86_64.whl", hash = "sha256:98c4d36e99714e55cfbaaee6dd5badbc9a1ec339ebfc3b1f52e293aee6bb71a4"},
    {file = "PyYAML-6.0-cp36-cp36m-win32.whl", hash = "sha256:0283c35a6a9fbf047493e3a0ce8d79ef5030852c51e9d911a27badfde0605293"},
    {file = "PyYAML-6.0-cp36-cp36m-win_amd64.whl", hash = "sha256:07751360502caac1c067a8132d150cf3d61339af5691fe9e87803040dbc5db57"},
    {file = "PyYAML-6.0-cp37-cp37m-macosx_10_9_x86_64.whl", hash = "sha256:819b3830a1543db06c4d4b865e70ded25be52a2e0631ccd2f6a47a2822f2fd7c"},
    {file = "PyYAML-6.0-cp37-cp37m-manylinux_2_17_aarch64.manylinux2014_aarch64.whl", hash = "sha256:473f9edb243cb1935ab5a084eb238d842fb8f404ed2193a915d1784b5a6b5fc0"},
    {file = "PyYAML-6.0-cp37-cp37m-manylinux_2_17_s390x.manylinux2014_s390x.whl", hash = "sha256:0ce82d761c532fe4ec3f87fc45688bdd3a4c1dc5e0b4a19814b9009a29baefd4"},
    {file = "PyYAML-6.0-cp37-cp37m-manylinux_2_5_x86_64.manylinux1_x86_64.manylinux_2_12_x86_64.manylinux2010_x86_64.whl", hash = "sha256:231710d57adfd809ef5d34183b8ed1eeae3f76459c18fb4a0b373ad56bedcdd9"},
    {file = "PyYAML-6.0-cp37-cp37m-win32.whl", hash = "sha256:c5687b8d43cf58545ade1fe3e055f70eac7a5a1a0bf42824308d868289a95737"},
    {file = "PyYAML-6.0-cp37-cp37m-win_amd64.whl", hash = "sha256:d15a181d1ecd0d4270dc32edb46f7cb7733c7c508857278d3d378d14d606db2d"},
    {file = "PyYAML-6.0-cp38-cp38-macosx_10_9_x86_64.whl", hash = "sha256:0b4624f379dab24d3725ffde76559cff63d9ec94e1736b556dacdfebe5ab6d4b"},
    {file = "PyYAML-6.0-cp38-cp38-manylinux_2_17_aarch64.manylinux2014_aarch64.whl", hash = "sha256:213c60cd50106436cc818accf5baa1aba61c0189ff610f64f4a3e8c6726218ba"},
    {file = "PyYAML-6.0-cp38-cp38-manylinux_2_17_s390x.manylinux2014_s390x.whl", hash = "sha256:9fa600030013c4de8165339db93d182b9431076eb98eb40ee068700c9c813e34"},
    {file = "PyYAML-6.0-cp38-cp38-manylinux_2_5_x86_64.manylinux1_x86_64.manylinux_2_12_x86_64.manylinux2010_x86_64.whl", hash = "sha256:277a0ef2981ca40581a47093e9e2d13b3f1fbbeffae064c1d21bfceba2030287"},
    {file = "PyYAML-6.0-cp38-cp38-win32.whl", hash = "sha256:d4eccecf9adf6fbcc6861a38015c2a64f38b9d94838ac1810a9023a0609e1b78"},
    {file = "PyYAML-6.0-cp38-cp38-win_amd64.whl", hash = "sha256:1e4747bc279b4f613a09eb64bba2ba602d8a6664c6ce6396a4d0cd413a50ce07"},
    {file = "PyYAML-6.0-cp39-cp39-macosx_10_9_x86_64.whl", hash = "sha256:055d937d65826939cb044fc8c9b08889e8c743fdc6a32b33e2390f66013e449b"},
    {file = "PyYAML-6.0-cp39-cp39-macosx_11_0_arm64.whl", hash = "sha256:e61ceaab6f49fb8bdfaa0f92c4b57bcfbea54c09277b1b4f7ac376bfb7a7c174"},
    {file = "PyYAML-6.0-cp39-cp39-manylinux_2_17_aarch64.manylinux2014_aarch64.whl", hash = "sha256:d67d839ede4ed1b28a4e8909735fc992a923cdb84e618544973d7dfc71540803"},
    {file = "PyYAML-6.0-cp39-cp39-manylinux_2_17_s390x.manylinux2014_s390x.whl", hash = "sha256:cba8c411ef271aa037d7357a2bc8f9ee8b58b9965831d9e51baf703280dc73d3"},
    {file = "PyYAML-6.0-cp39-cp39-manylinux_2_5_x86_64.manylinux1_x86_64.manylinux_2_12_x86_64.manylinux2010_x86_64.whl", hash = "sha256:40527857252b61eacd1d9af500c3337ba8deb8fc298940291486c465c8b46ec0"},
    {file = "PyYAML-6.0-cp39-cp39-win32.whl", hash = "sha256:b5b9eccad747aabaaffbc6064800670f0c297e52c12754eb1d976c57e4f74dcb"},
    {file = "PyYAML-6.0-cp39-cp39-win_amd64.whl", hash = "sha256:b3d267842bf12586ba6c734f89d1f5b871df0273157918b0ccefa29deb05c21c"},
    {file = "PyYAML-6.0.tar.gz", hash = "sha256:68fb519c14306fec9720a2a5b45bc9f0c8d1b9c72adf45c37baedfcd949c35a2"},
]

[[package]]
name = "types-pyyaml"
version = "6.0.12.9"
description = "Typing stubs for PyYAML"
category = "dev"
optional = false
python-versions = "*"
files = [
    {file = "types-PyYAML-6.0.12.9.tar.gz", hash = "sha256:c51b1bd6d99ddf0aa2884a7a328810ebf70a4262c292195d3f4f9a0005f9eeb6"},
    {file = "types_PyYAML-6.0.12.9-py3-none-any.whl", hash = "sha256:5aed5aa66bd2d2e158f75dda22b059570ede988559f030cf294871d3b647e3e8"},
]

[[package]]
name = "typing-extensions"
version = "4.5.0"
description = "Backported and Experimental Type Hints for Python 3.7+"
category = "main"
optional = false
python-versions = ">=3.7"
files = [
    {file = "typing_extensions-4.5.0-py3-none-any.whl", hash = "sha256:fb33085c39dd998ac16d1431ebc293a8b3eedd00fd4a32de0ff79002c19511b4"},
    {file = "typing_extensions-4.5.0.tar.gz", hash = "sha256:5cb5f4a79139d699607b3ef622a1dedafa84e115ab0024e0d9c044a9479ca7cb"},
]

[metadata]
lock-version = "2.0"
python-versions = "^3.11"
content-hash = "55c6a565905da429564aa5a1cc99da939ac59698ff8fe93bad035fd70d18e315"
