# This file is automatically @generated by Poetry 1.4.1 and should not be changed by hand.

[[package]]
name = "annotated-types"
version = "0.4.0"
description = "Reusable constraint types to use with typing.Annotated"
category = "main"
optional = false
python-versions = ">=3.7"
files = [
    {file = "annotated_types-0.4.0-py3-none-any.whl", hash = "sha256:ac27bcccc7a1447efe9a9bd1145766cc14a841b107a6040a799c260e83adf67d"},
    {file = "annotated_types-0.4.0.tar.gz", hash = "sha256:fae0ca44ad43b7e54dbb02b22137885b1cb1cb7a312fe9fe7a6d77a0e5b0443a"},
]

[[package]]
name = "attrs"
version = "22.2.0"
description = "Classes Without Boilerplate"
category = "dev"
optional = false
python-versions = ">=3.6"
files = [
    {file = "attrs-22.2.0-py3-none-any.whl", hash = "sha256:29e95c7f6778868dbd49170f98f8818f78f3dc5e0e37c0b1f474e3561b240836"},
    {file = "attrs-22.2.0.tar.gz", hash = "sha256:c9227bfc2f01993c03f68db37d1d15c9690188323c067c641f1a35ca58185f99"},
]

[package.extras]
cov = ["attrs[tests]", "coverage-enable-subprocess", "coverage[toml] (>=5.3)"]
dev = ["attrs[docs,tests]"]
docs = ["furo", "myst-parser", "sphinx", "sphinx-notfound-page", "sphinxcontrib-towncrier", "towncrier", "zope.interface"]
tests = ["attrs[tests-no-zope]", "zope.interface"]
tests-no-zope = ["cloudpickle", "cloudpickle", "hypothesis", "hypothesis", "mypy (>=0.971,<0.990)", "mypy (>=0.971,<0.990)", "pympler", "pympler", "pytest (>=4.3.0)", "pytest (>=4.3.0)", "pytest-mypy-plugins", "pytest-mypy-plugins", "pytest-xdist[psutil]", "pytest-xdist[psutil]"]

[[package]]
name = "colorama"
version = "0.4.6"
description = "Cross-platform colored terminal text."
category = "dev"
optional = false
python-versions = "!=3.0.*,!=3.1.*,!=3.2.*,!=3.3.*,!=3.4.*,!=3.5.*,!=3.6.*,>=2.7"
files = [
    {file = "colorama-0.4.6-py2.py3-none-any.whl", hash = "sha256:4f1d9991f5acc0ca119f9d443620b77f9d6b33703e51011c16baf57afb285fc6"},
    {file = "colorama-0.4.6.tar.gz", hash = "sha256:08695f5cb7ed6e0531a20572697297273c47b8cae5a63ffc6d6ed5c201be6e44"},
]

[[package]]
name = "coverage"
version = "7.2.2"
description = "Code coverage measurement for Python"
category = "dev"
optional = false
python-versions = ">=3.7"
files = [
    {file = "coverage-7.2.2-cp310-cp310-macosx_10_9_x86_64.whl", hash = "sha256:c90e73bdecb7b0d1cea65a08cb41e9d672ac6d7995603d6465ed4914b98b9ad7"},
    {file = "coverage-7.2.2-cp310-cp310-macosx_11_0_arm64.whl", hash = "sha256:e2926b8abedf750c2ecf5035c07515770944acf02e1c46ab08f6348d24c5f94d"},
    {file = "coverage-7.2.2-cp310-cp310-manylinux_2_17_aarch64.manylinux2014_aarch64.whl", hash = "sha256:57b77b9099f172804e695a40ebaa374f79e4fb8b92f3e167f66facbf92e8e7f5"},
    {file = "coverage-7.2.2-cp310-cp310-manylinux_2_5_i686.manylinux1_i686.manylinux_2_17_i686.manylinux2014_i686.whl", hash = "sha256:efe1c0adad110bf0ad7fb59f833880e489a61e39d699d37249bdf42f80590169"},
    {file = "coverage-7.2.2-cp310-cp310-manylinux_2_5_x86_64.manylinux1_x86_64.manylinux_2_17_x86_64.manylinux2014_x86_64.whl", hash = "sha256:2199988e0bc8325d941b209f4fd1c6fa007024b1442c5576f1a32ca2e48941e6"},
    {file = "coverage-7.2.2-cp310-cp310-musllinux_1_1_aarch64.whl", hash = "sha256:81f63e0fb74effd5be736cfe07d710307cc0a3ccb8f4741f7f053c057615a137"},
    {file = "coverage-7.2.2-cp310-cp310-musllinux_1_1_i686.whl", hash = "sha256:186e0fc9cf497365036d51d4d2ab76113fb74f729bd25da0975daab2e107fd90"},
    {file = "coverage-7.2.2-cp310-cp310-musllinux_1_1_x86_64.whl", hash = "sha256:420f94a35e3e00a2b43ad5740f935358e24478354ce41c99407cddd283be00d2"},
    {file = "coverage-7.2.2-cp310-cp310-win32.whl", hash = "sha256:38004671848b5745bb05d4d621526fca30cee164db42a1f185615f39dc997292"},
    {file = "coverage-7.2.2-cp310-cp310-win_amd64.whl", hash = "sha256:0ce383d5f56d0729d2dd40e53fe3afeb8f2237244b0975e1427bfb2cf0d32bab"},
    {file = "coverage-7.2.2-cp311-cp311-macosx_10_9_x86_64.whl", hash = "sha256:3eb55b7b26389dd4f8ae911ba9bc8c027411163839dea4c8b8be54c4ee9ae10b"},
    {file = "coverage-7.2.2-cp311-cp311-macosx_11_0_arm64.whl", hash = "sha256:d2b96123a453a2d7f3995ddb9f28d01fd112319a7a4d5ca99796a7ff43f02af5"},
    {file = "coverage-7.2.2-cp311-cp311-manylinux_2_17_aarch64.manylinux2014_aarch64.whl", hash = "sha256:299bc75cb2a41e6741b5e470b8c9fb78d931edbd0cd009c58e5c84de57c06731"},
    {file = "coverage-7.2.2-cp311-cp311-manylinux_2_5_i686.manylinux1_i686.manylinux_2_17_i686.manylinux2014_i686.whl", hash = "sha256:5e1df45c23d4230e3d56d04414f9057eba501f78db60d4eeecfcb940501b08fd"},
    {file = "coverage-7.2.2-cp311-cp311-manylinux_2_5_x86_64.manylinux1_x86_64.manylinux_2_17_x86_64.manylinux2014_x86_64.whl", hash = "sha256:006ed5582e9cbc8115d2e22d6d2144a0725db542f654d9d4fda86793832f873d"},
    {file = "coverage-7.2.2-cp311-cp311-musllinux_1_1_aarch64.whl", hash = "sha256:d683d230b5774816e7d784d7ed8444f2a40e7a450e5720d58af593cb0b94a212"},
    {file = "coverage-7.2.2-cp311-cp311-musllinux_1_1_i686.whl", hash = "sha256:8efb48fa743d1c1a65ee8787b5b552681610f06c40a40b7ef94a5b517d885c54"},
    {file = "coverage-7.2.2-cp311-cp311-musllinux_1_1_x86_64.whl", hash = "sha256:4c752d5264053a7cf2fe81c9e14f8a4fb261370a7bb344c2a011836a96fb3f57"},
    {file = "coverage-7.2.2-cp311-cp311-win32.whl", hash = "sha256:55272f33da9a5d7cccd3774aeca7a01e500a614eaea2a77091e9be000ecd401d"},
    {file = "coverage-7.2.2-cp311-cp311-win_amd64.whl", hash = "sha256:92ebc1619650409da324d001b3a36f14f63644c7f0a588e331f3b0f67491f512"},
    {file = "coverage-7.2.2-cp37-cp37m-macosx_10_9_x86_64.whl", hash = "sha256:5afdad4cc4cc199fdf3e18088812edcf8f4c5a3c8e6cb69127513ad4cb7471a9"},
    {file = "coverage-7.2.2-cp37-cp37m-manylinux_2_17_aarch64.manylinux2014_aarch64.whl", hash = "sha256:0484d9dd1e6f481b24070c87561c8d7151bdd8b044c93ac99faafd01f695c78e"},
    {file = "coverage-7.2.2-cp37-cp37m-manylinux_2_5_i686.manylinux1_i686.manylinux_2_17_i686.manylinux2014_i686.whl", hash = "sha256:d530191aa9c66ab4f190be8ac8cc7cfd8f4f3217da379606f3dd4e3d83feba69"},
    {file = "coverage-7.2.2-cp37-cp37m-manylinux_2_5_x86_64.manylinux1_x86_64.manylinux_2_17_x86_64.manylinux2014_x86_64.whl", hash = "sha256:4ac0f522c3b6109c4b764ffec71bf04ebc0523e926ca7cbe6c5ac88f84faced0"},
    {file = "coverage-7.2.2-cp37-cp37m-musllinux_1_1_aarch64.whl", hash = "sha256:ba279aae162b20444881fc3ed4e4f934c1cf8620f3dab3b531480cf602c76b7f"},
    {file = "coverage-7.2.2-cp37-cp37m-musllinux_1_1_i686.whl", hash = "sha256:53d0fd4c17175aded9c633e319360d41a1f3c6e352ba94edcb0fa5167e2bad67"},
    {file = "coverage-7.2.2-cp37-cp37m-musllinux_1_1_x86_64.whl", hash = "sha256:8c99cb7c26a3039a8a4ee3ca1efdde471e61b4837108847fb7d5be7789ed8fd9"},
    {file = "coverage-7.2.2-cp37-cp37m-win32.whl", hash = "sha256:5cc0783844c84af2522e3a99b9b761a979a3ef10fb87fc4048d1ee174e18a7d8"},
    {file = "coverage-7.2.2-cp37-cp37m-win_amd64.whl", hash = "sha256:817295f06eacdc8623dc4df7d8b49cea65925030d4e1e2a7c7218380c0072c25"},
    {file = "coverage-7.2.2-cp38-cp38-macosx_10_9_x86_64.whl", hash = "sha256:6146910231ece63facfc5984234ad1b06a36cecc9fd0c028e59ac7c9b18c38c6"},
    {file = "coverage-7.2.2-cp38-cp38-macosx_11_0_arm64.whl", hash = "sha256:387fb46cb8e53ba7304d80aadca5dca84a2fbf6fe3faf6951d8cf2d46485d1e5"},
    {file = "coverage-7.2.2-cp38-cp38-manylinux_2_17_aarch64.manylinux2014_aarch64.whl", hash = "sha256:046936ab032a2810dcaafd39cc4ef6dd295df1a7cbead08fe996d4765fca9fe4"},
    {file = "coverage-7.2.2-cp38-cp38-manylinux_2_5_i686.manylinux1_i686.manylinux_2_17_i686.manylinux2014_i686.whl", hash = "sha256:e627dee428a176ffb13697a2c4318d3f60b2ccdde3acdc9b3f304206ec130ccd"},
    {file = "coverage-7.2.2-cp38-cp38-manylinux_2_5_x86_64.manylinux1_x86_64.manylinux_2_17_x86_64.manylinux2014_x86_64.whl", hash = "sha256:4fa54fb483decc45f94011898727802309a109d89446a3c76387d016057d2c84"},
    {file = "coverage-7.2.2-cp38-cp38-musllinux_1_1_aarch64.whl", hash = "sha256:3668291b50b69a0c1ef9f462c7df2c235da3c4073f49543b01e7eb1dee7dd540"},
    {file = "coverage-7.2.2-cp38-cp38-musllinux_1_1_i686.whl", hash = "sha256:7c20b731211261dc9739bbe080c579a1835b0c2d9b274e5fcd903c3a7821cf88"},
    {file = "coverage-7.2.2-cp38-cp38-musllinux_1_1_x86_64.whl", hash = "sha256:5764e1f7471cb8f64b8cda0554f3d4c4085ae4b417bfeab236799863703e5de2"},
    {file = "coverage-7.2.2-cp38-cp38-win32.whl", hash = "sha256:4f01911c010122f49a3e9bdc730eccc66f9b72bd410a3a9d3cb8448bb50d65d3"},
    {file = "coverage-7.2.2-cp38-cp38-win_amd64.whl", hash = "sha256:c448b5c9e3df5448a362208b8d4b9ed85305528313fca1b479f14f9fe0d873b8"},
    {file = "coverage-7.2.2-cp39-cp39-macosx_10_9_x86_64.whl", hash = "sha256:bfe7085783cda55e53510482fa7b5efc761fad1abe4d653b32710eb548ebdd2d"},
    {file = "coverage-7.2.2-cp39-cp39-macosx_11_0_arm64.whl", hash = "sha256:9d22e94e6dc86de981b1b684b342bec5e331401599ce652900ec59db52940005"},
    {file = "coverage-7.2.2-cp39-cp39-manylinux_2_17_aarch64.manylinux2014_aarch64.whl", hash = "sha256:507e4720791977934bba016101579b8c500fb21c5fa3cd4cf256477331ddd988"},
    {file = "coverage-7.2.2-cp39-cp39-manylinux_2_5_i686.manylinux1_i686.manylinux_2_17_i686.manylinux2014_i686.whl", hash = "sha256:bc4803779f0e4b06a2361f666e76f5c2e3715e8e379889d02251ec911befd149"},
    {file = "coverage-7.2.2-cp39-cp39-manylinux_2_5_x86_64.manylinux1_x86_64.manylinux_2_17_x86_64.manylinux2014_x86_64.whl", hash = "sha256:db8c2c5ace167fd25ab5dd732714c51d4633f58bac21fb0ff63b0349f62755a8"},
    {file = "coverage-7.2.2-cp39-cp39-musllinux_1_1_aarch64.whl", hash = "sha256:4f68ee32d7c4164f1e2c8797535a6d0a3733355f5861e0f667e37df2d4b07140"},
    {file = "coverage-7.2.2-cp39-cp39-musllinux_1_1_i686.whl", hash = "sha256:d52f0a114b6a58305b11a5cdecd42b2e7f1ec77eb20e2b33969d702feafdd016"},
    {file = "coverage-7.2.2-cp39-cp39-musllinux_1_1_x86_64.whl", hash = "sha256:797aad79e7b6182cb49c08cc5d2f7aa7b2128133b0926060d0a8889ac43843be"},
    {file = "coverage-7.2.2-cp39-cp39-win32.whl", hash = "sha256:db45eec1dfccdadb179b0f9ca616872c6f700d23945ecc8f21bb105d74b1c5fc"},
    {file = "coverage-7.2.2-cp39-cp39-win_amd64.whl", hash = "sha256:8dbe2647bf58d2c5a6c5bcc685f23b5f371909a5624e9f5cd51436d6a9f6c6ef"},
    {file = "coverage-7.2.2-pp37.pp38.pp39-none-any.whl", hash = "sha256:872d6ce1f5be73f05bea4df498c140b9e7ee5418bfa2cc8204e7f9b817caa968"},
    {file = "coverage-7.2.2.tar.gz", hash = "sha256:36dd42da34fe94ed98c39887b86db9d06777b1c8f860520e21126a75507024f2"},
]

[package.extras]
toml = ["tomli"]

[[package]]
name = "iniconfig"
version = "2.0.0"
description = "brain-dead simple config-ini parsing"
category = "dev"
optional = false
python-versions = ">=3.7"
files = [
    {file = "iniconfig-2.0.0-py3-none-any.whl", hash = "sha256:b6a85871a79d2e3b22d2d1b94ac2824226a63c6b741c88f7ae975f18b6778374"},
    {file = "iniconfig-2.0.0.tar.gz", hash = "sha256:2d91e135bf72d31a410b17c16da610a82cb55f6b0477d1a902134b24a455b8b3"},
]

[[package]]
name = "packaging"
version = "23.0"
description = "Core utilities for Python packages"
category = "main"
optional = false
python-versions = ">=3.7"
files = [
    {file = "packaging-23.0-py3-none-any.whl", hash = "sha256:714ac14496c3e68c99c29b00845f7a2b85f3bb6f1078fd9f72fd20f0570002b2"},
    {file = "packaging-23.0.tar.gz", hash = "sha256:b6ad297f8907de0fa2fe1ccbd26fdaf387f5f47c7275fedf8cce89f99446cf97"},
]

[[package]]
name = "pluggy"
version = "1.0.0"
description = "plugin and hook calling mechanisms for python"
category = "dev"
optional = false
python-versions = ">=3.6"
files = [
    {file = "pluggy-1.0.0-py2.py3-none-any.whl", hash = "sha256:74134bbf457f031a36d68416e1509f34bd5ccc019f0bcc952c7b909d06b37bd3"},
    {file = "pluggy-1.0.0.tar.gz", hash = "sha256:4224373bacce55f955a878bf9cfa763c1e360858e330072059e10bad68531159"},
]

[package.extras]
dev = ["pre-commit", "tox"]
testing = ["pytest", "pytest-benchmark"]

[[package]]
name = "pydantic"
version = "2.0a1"
description = "Data validation using Python type hints"
category = "main"
optional = false
python-versions = ">=3.7"
files = [
    {file = "pydantic-2.0a1-py3-none-any.whl", hash = "sha256:7567e5b5044260da3e1c9fa666c532510c947e69957bac73353b2f01c6151a08"},
    {file = "pydantic-2.0a1.tar.gz", hash = "sha256:59ac971074d264a8e7de3e36c13f52f068aa113fba6c6452e7643460f777803c"},
]

[package.dependencies]
annotated-types = ">=0.4.0"
pydantic-core = ">=0.22.0"
typing-extensions = ">=4.2.0"

[package.extras]
email = ["email-validator (>=1.3.0)"]

[[package]]
name = "pydantic-core"
version = "0.22.0"
description = ""
category = "main"
optional = false
python-versions = ">=3.7"
files = [
    {file = "pydantic_core-0.22.0-cp310-cp310-macosx_10_7_x86_64.whl", hash = "sha256:c98cc4c6b8ec978a9e70695b0c19287f4a76fd3c3f15d510a1831361c47b18cc"},
    {file = "pydantic_core-0.22.0-cp310-cp310-macosx_11_0_arm64.whl", hash = "sha256:c45978916832ee7907c45dd06bb5875b849ad60ab5d7427a6c2c838d0f79abaa"},
    {file = "pydantic_core-0.22.0-cp310-cp310-manylinux_2_17_aarch64.manylinux2014_aarch64.whl", hash = "sha256:81e51548900c66617138daf1d0d1293fa8d633f0416ccaa8864789f2671b1416"},
    {file = "pydantic_core-0.22.0-cp310-cp310-manylinux_2_17_x86_64.manylinux2014_x86_64.whl", hash = "sha256:0ec4993ee91e5aec7b69c53164f30dc89a9c1516018262cdf1b1ac292a3d7b02"},
    {file = "pydantic_core-0.22.0-cp310-cp310-manylinux_2_24_armv7l.whl", hash = "sha256:c6f25343e4a3243fa190cd36912213403c8442dd9aa7aa6eaf8cef0c42278ca1"},
    {file = "pydantic_core-0.22.0-cp310-cp310-manylinux_2_24_ppc64le.whl", hash = "sha256:61b9092740ca4f259088d5bfb8f20483bb28dd971076db7566f86d6ce56d6d55"},
    {file = "pydantic_core-0.22.0-cp310-cp310-manylinux_2_24_s390x.whl", hash = "sha256:6f536091020fbfac0b1c590e39f1ad6529705ccbf3d845bb40f6fa2a51314ac5"},
    {file = "pydantic_core-0.22.0-cp310-cp310-manylinux_2_5_i686.manylinux1_i686.whl", hash = "sha256:e0244df68cf61c6ca7ec0e08e2c1fdcae8b9a04e74e7675170edd2b03726c78e"},
    {file = "pydantic_core-0.22.0-cp310-cp310-musllinux_1_1_aarch64.whl", hash = "sha256:8da061f650cb42284ac7b2e777e3a0f43508700dffdfdb4d746aaa2f30162c6f"},
    {file = "pydantic_core-0.22.0-cp310-cp310-musllinux_1_1_x86_64.whl", hash = "sha256:a5455c26fb8fd69bdf5e0066f3963a730e5c4a121c69dd5813ba4361a7e82972"},
    {file = "pydantic_core-0.22.0-cp310-none-win32.whl", hash = "sha256:7285327c32865bd4ce00125fc058865fc18757c9bcdd1a2dfb60d838a0ea63f9"},
    {file = "pydantic_core-0.22.0-cp310-none-win_amd64.whl", hash = "sha256:8f8111342c20f8453078ee75602d9442f13604acc86bd32bce09ffa3d8ab878a"},
    {file = "pydantic_core-0.22.0-cp311-cp311-macosx_10_7_x86_64.whl", hash = "sha256:e4f60501c5202ae04180616b97f6d8f4ba6ef1896ad375cf77dd975c3f634613"},
    {file = "pydantic_core-0.22.0-cp311-cp311-macosx_11_0_arm64.whl", hash = "sha256:ebbcd53100a546c52261a58949d283231590a470a62862d26a556b35995cc4af"},
    {file = "pydantic_core-0.22.0-cp311-cp311-manylinux_2_17_aarch64.manylinux2014_aarch64.whl", hash = "sha256:56390330488287be5847df50f3fe1ff16120c1ccf6949c247e5db47110f5c176"},
    {file = "pydantic_core-0.22.0-cp311-cp311-manylinux_2_17_x86_64.manylinux2014_x86_64.whl", hash = "sha256:74fd88c558f09d3ab197e251feb0a1d19c31a5b00d0408cb1992cf6ac95d5a5a"},
    {file = "pydantic_core-0.22.0-cp311-cp311-manylinux_2_24_armv7l.whl", hash = "sha256:557aa96ff1599805bb7e2971b8090533a04db316812714a1519d22c67cd8a190"},
    {file = "pydantic_core-0.22.0-cp311-cp311-manylinux_2_24_ppc64le.whl", hash = "sha256:8adf32b8f7e4738de4488a2ff44865533ddbd88b374eb0838235a67cdbdeddee"},
    {file = "pydantic_core-0.22.0-cp311-cp311-manylinux_2_24_s390x.whl", hash = "sha256:895ce0ba00df44f8bc91aac942ba4e080288dd96c0568a0453b2bd650fc0642f"},
    {file = "pydantic_core-0.22.0-cp311-cp311-manylinux_2_5_i686.manylinux1_i686.whl", hash = "sha256:83b3a22382bdafcdb5bfe3c883cc4ff00a1d22c7ec940f9ee7e8c5442a0d4cdb"},
    {file = "pydantic_core-0.22.0-cp311-cp311-musllinux_1_1_aarch64.whl", hash = "sha256:d031c7f5d49869986886ff68d0c9c9966a2623e30546ec65b90da618a9d8cc1d"},
    {file = "pydantic_core-0.22.0-cp311-cp311-musllinux_1_1_x86_64.whl", hash = "sha256:bde33a0bafbef4b86a79540e406409133a3f63b751a1679f2373b28aabfac067"},
    {file = "pydantic_core-0.22.0-cp311-none-win32.whl", hash = "sha256:3e9f8128fc4a4a1d50fc5a3ec54a6def5bd0e1e0993ae536896beadd64e3d523"},
    {file = "pydantic_core-0.22.0-cp311-none-win_amd64.whl", hash = "sha256:5172ba0ba55e5e436cdfdbd1d5be6d069e808f16c55b84c18180ee528cd828fa"},
    {file = "pydantic_core-0.22.0-cp37-cp37m-macosx_10_7_x86_64.whl", hash = "sha256:31368a95440c73c8cc9b0ceaee4b095ff80993f8db37e71504d9da27d2041b19"},
    {file = "pydantic_core-0.22.0-cp37-cp37m-macosx_11_0_arm64.whl", hash = "sha256:72cc7b7b517341e35eedf655b5ac8e5b8519e21c5baac6623a72a222b0e8598c"},
    {file = "pydantic_core-0.22.0-cp37-cp37m-manylinux_2_17_aarch64.manylinux2014_aarch64.whl", hash = "sha256:927b7fb89582441ef2edcc70916dba4d838d8987ca9577d30b8135ba6230592f"},
    {file = "pydantic_core-0.22.0-cp37-cp37m-manylinux_2_17_x86_64.manylinux2014_x86_64.whl", hash = "sha256:51431dc795fb42c27b6e4fb5fdf298a8b8b58bf908ab8e02b940a23675450d3f"},
    {file = "pydantic_core-0.22.0-cp37-cp37m-manylinux_2_24_armv7l.whl", hash = "sha256:b5731a851bfac83012c9076019d33c573a183f092f800f99f45abb8f6a7d0d85"},
    {file = "pydantic_core-0.22.0-cp37-cp37m-manylinux_2_24_ppc64le.whl", hash = "sha256:4b8cb536d856f17ed4cffd10189b242f402c76da5ea342fa7e1b852c5d05367b"},
    {file = "pydantic_core-0.22.0-cp37-cp37m-manylinux_2_24_s390x.whl", hash = "sha256:119e560fb81738d4be95f3cc85fa6f700b327fe2d3f66cac722edbffb33fe18e"},
    {file = "pydantic_core-0.22.0-cp37-cp37m-manylinux_2_5_i686.manylinux1_i686.whl", hash = "sha256:6c50dd5a32c2bd0d7a2dc043566d093adc41282112321512aa1e2a7f055e8ec5"},
    {file = "pydantic_core-0.22.0-cp37-cp37m-musllinux_1_1_aarch64.whl", hash = "sha256:70c86ff216be27a2e5c81ded396344c936c23b4359ada8a20e95f66a0ad120bf"},
    {file = "pydantic_core-0.22.0-cp37-cp37m-musllinux_1_1_x86_64.whl", hash = "sha256:68ebbda47c66178b4f03ae02b63fd7e1e64126895a95088944e0170b5b8c602e"},
    {file = "pydantic_core-0.22.0-cp37-none-win32.whl", hash = "sha256:5ebc66e9ff4402751b22f169091406166d637920b830069e5939ba3613327d0e"},
    {file = "pydantic_core-0.22.0-cp37-none-win_amd64.whl", hash = "sha256:9c8475a8468ee41fc215cd1dafebb1195a30cd58899d783819d137777d30cbf8"},
    {file = "pydantic_core-0.22.0-cp38-cp38-macosx_10_7_x86_64.whl", hash = "sha256:4172dafe7afed22fdcbd4663793e826358e8f0ac7ba72ed0b5b1c15fce4388f0"},
    {file = "pydantic_core-0.22.0-cp38-cp38-macosx_11_0_arm64.whl", hash = "sha256:7d60d67db2b2ca22d2119e2a1b80ae3f6833c4e5835adfd81ca5958113083523"},
    {file = "pydantic_core-0.22.0-cp38-cp38-manylinux_2_17_aarch64.manylinux2014_aarch64.whl", hash = "sha256:9638543ccabd34c65451baede20dcf8d3c6b6badb286d32287ef330f6a284d22"},
    {file = "pydantic_core-0.22.0-cp38-cp38-manylinux_2_17_x86_64.manylinux2014_x86_64.whl", hash = "sha256:908b32cc507ed2b1508177aa21c98efd9b0a720bb7d9f54e71c6fabe6102b146"},
    {file = "pydantic_core-0.22.0-cp38-cp38-manylinux_2_24_armv7l.whl", hash = "sha256:0782239a61381df646a770f62b04bedea0a6618e825c3904c82f9bce35e432bd"},
    {file = "pydantic_core-0.22.0-cp38-cp38-manylinux_2_24_ppc64le.whl", hash = "sha256:188eabcd0caa4e152e11a9220b9e5d8e9cf18eecf06888b3073e8e936b522a07"},
    {file = "pydantic_core-0.22.0-cp38-cp38-manylinux_2_24_s390x.whl", hash = "sha256:7ddfc131e99f455d0ea177b1d211c4cfc05dc15e8f6d1233d0916b79d198c6ae"},
    {file = "pydantic_core-0.22.0-cp38-cp38-manylinux_2_5_i686.manylinux1_i686.whl", hash = "sha256:4517b0277c315501f03d72dc14b485ebb20152c81f07bbd894ca393f747cd3c1"},
    {file = "pydantic_core-0.22.0-cp38-cp38-musllinux_1_1_aarch64.whl", hash = "sha256:0a3428ae7721ec835cf3ecfd4d6f7805de8ef542bbe089444607ef4029b0371d"},
    {file = "pydantic_core-0.22.0-cp38-cp38-musllinux_1_1_x86_64.whl", hash = "sha256:eb93b85ffeba5b75c6db2cb340c387f51c9450623bbc2f0752788165b12df877"},
    {file = "pydantic_core-0.22.0-cp38-none-win32.whl", hash = "sha256:920598148924776e22b90dd78abe020c35fc3846a27f883c67dca077e5e30800"},
    {file = "pydantic_core-0.22.0-cp38-none-win_amd64.whl", hash = "sha256:1ed289681d560c724e8b013ec275c7287f5c532907a3d0857ae188f2b3e066d7"},
    {file = "pydantic_core-0.22.0-cp39-cp39-macosx_10_7_x86_64.whl", hash = "sha256:0ae4e7af5444ad6a30a2fb4177c2cd09802f7c572490a7cd25f50cfb74573607"},
    {file = "pydantic_core-0.22.0-cp39-cp39-macosx_11_0_arm64.whl", hash = "sha256:cb3689a80a29770246f0c0e81794f0a33cf948a655ee0dc1ba7206d1c7cc17a1"},
    {file = "pydantic_core-0.22.0-cp39-cp39-manylinux_2_17_aarch64.manylinux2014_aarch64.whl", hash = "sha256:7da8c7ec9df63de9839c6a582d93f18e24f1cd0c5614942ee1540712845f9e09"},
    {file = "pydantic_core-0.22.0-cp39-cp39-manylinux_2_17_x86_64.manylinux2014_x86_64.whl", hash = "sha256:6ce5b69c61d2f759bd88d5f271f528b41e43233043f19a0fee6c8a51e61a568b"},
    {file = "pydantic_core-0.22.0-cp39-cp39-manylinux_2_24_armv7l.whl", hash = "sha256:03240d33ec47a236f649794958afd20ee8ef048e5509ecac4a017ee7db30f54e"},
    {file = "pydantic_core-0.22.0-cp39-cp39-manylinux_2_24_ppc64le.whl", hash = "sha256:60cc5590d8c88ac0721869d84c2aae2d95918327c0c7fb48c9c06fc4947beea0"},
    {file = "pydantic_core-0.22.0-cp39-cp39-manylinux_2_24_s390x.whl", hash = "sha256:17dc695043f80adccffb84c7632bf2b5966bf4053250b757f4197c4ac19d9681"},
    {file = "pydantic_core-0.22.0-cp39-cp39-manylinux_2_5_i686.manylinux1_i686.whl", hash = "sha256:640b819be1a8a529e2b386df993a673cc9bf6e160cf3b4700a03d81bae0efecc"},
    {file = "pydantic_core-0.22.0-cp39-cp39-musllinux_1_1_aarch64.whl", hash = "sha256:e8449c2ee32ecf729e4f97bcb43abc3dd3c79edf129104800d0f084aad482fca"},
    {file = "pydantic_core-0.22.0-cp39-cp39-musllinux_1_1_x86_64.whl", hash = "sha256:91d3d64b7aca137f06cdff4abafbb2321c71352397b7fd97ebb8ad98e7d6a54e"},
    {file = "pydantic_core-0.22.0-cp39-none-win32.whl", hash = "sha256:7a5b3223d0c7991db8399b41e6577de431ff6888e93bbe603ccbaa0361e0be1e"},
    {file = "pydantic_core-0.22.0-cp39-none-win_amd64.whl", hash = "sha256:b2f9415adae8448b8f55422c6c3c5b3307beff970c82e5f18a54758249e3a0e8"},
    {file = "pydantic_core-0.22.0-pp37-pypy37_pp73-macosx_10_7_x86_64.whl", hash = "sha256:3a41240f6409016fe51c8d3b06ba371364d9cdc1bbd9da79840011cdd0ac8381"},
    {file = "pydantic_core-0.22.0-pp37-pypy37_pp73-manylinux_2_17_aarch64.manylinux2014_aarch64.whl", hash = "sha256:fa941b648b21ce9ca6d342aae74f03468fe6dbefabf43088c945cbe567513a80"},
    {file = "pydantic_core-0.22.0-pp37-pypy37_pp73-manylinux_2_17_x86_64.manylinux2014_x86_64.whl", hash = "sha256:216e37fa8268602abc26e76eb1542adf7fb6fc48b01a27d470d1856558575835"},
    {file = "pydantic_core-0.22.0-pp37-pypy37_pp73-manylinux_2_5_i686.manylinux1_i686.whl", hash = "sha256:97fd64cca8564b2a4d783d07ac128a501793abe1876ed585f4a0225bf92c1630"},
    {file = "pydantic_core-0.22.0-pp37-pypy37_pp73-musllinux_1_1_aarch64.whl", hash = "sha256:1d208b5dae492c70bf4fd396f56b767edd5d8dfd505a973d24bd6eba291698b6"},
    {file = "pydantic_core-0.22.0-pp37-pypy37_pp73-musllinux_1_1_x86_64.whl", hash = "sha256:a07a21c33423d55f74ed7b7558504dcd70e8e6fdabacf9e2a1e36806767c56c2"},
    {file = "pydantic_core-0.22.0-pp38-pypy38_pp73-macosx_10_7_x86_64.whl", hash = "sha256:37686563c975a8311eabc799a91285d42e71f37651943f7c0410d7afbb3d0e10"},
    {file = "pydantic_core-0.22.0-pp38-pypy38_pp73-manylinux_2_17_aarch64.manylinux2014_aarch64.whl", hash = "sha256:167f2d473e7ca1f3f81bc08aa85563c1fac8e59a1e64f2ef39db3a3ed44f19ed"},
    {file = "pydantic_core-0.22.0-pp38-pypy38_pp73-manylinux_2_17_x86_64.manylinux2014_x86_64.whl", hash = "sha256:4d95f22e6f4c5ce38c9509a7508a94f8f26d5fb8a70f5f28182792ea0812b81d"},
    {file = "pydantic_core-0.22.0-pp38-pypy38_pp73-manylinux_2_5_i686.manylinux1_i686.whl", hash = "sha256:67cbf9e6faa971cbb202f31935ee89a13eb96a8f48d3ee4ad9ea163d01e032ad"},
    {file = "pydantic_core-0.22.0-pp38-pypy38_pp73-musllinux_1_1_aarch64.whl", hash = "sha256:736fa3234a2538c547167dd42f07cf97593233baed4a24ad6592a3938d7820b6"},
    {file = "pydantic_core-0.22.0-pp38-pypy38_pp73-musllinux_1_1_x86_64.whl", hash = "sha256:4a375deeab4e89028fd80a84a3c50d76ee328101075ffa722e7ca01859d76579"},
    {file = "pydantic_core-0.22.0-pp39-pypy39_pp73-macosx_10_7_x86_64.whl", hash = "sha256:f1e24244d35c7bcf6bcd4a5e2d3e18fc9895fc60c5856d66dc0db2e99ebd008b"},
    {file = "pydantic_core-0.22.0-pp39-pypy39_pp73-manylinux_2_17_aarch64.manylinux2014_aarch64.whl", hash = "sha256:fb7a8dbc1af995ae3f0838d7ba286241e166301acf7825ff53d9dd31505e359a"},
    {file = "pydantic_core-0.22.0-pp39-pypy39_pp73-manylinux_2_17_x86_64.manylinux2014_x86_64.whl", hash = "sha256:931b4f2ed762a8e1c1420c822597d54491e7340e2f20403592347d1b3796c7ec"},
    {file = "pydantic_core-0.22.0-pp39-pypy39_pp73-manylinux_2_5_i686.manylinux1_i686.whl", hash = "sha256:b511cabad3186dab8276fe93bdad1875fd086c29b82a71506c865448266383dc"},
    {file = "pydantic_core-0.22.0-pp39-pypy39_pp73-musllinux_1_1_aarch64.whl", hash = "sha256:a519a7c2556a152defa80fce7a809a14f5c87b6b0269a48d199507d8b2c15c3f"},
    {file = "pydantic_core-0.22.0-pp39-pypy39_pp73-musllinux_1_1_x86_64.whl", hash = "sha256:d4fb02a1a00d9ba5f0656b7e97417fde958116052a6ad0b4a62598fbcbb88d41"},
    {file = "pydantic_core-0.22.0.tar.gz", hash = "sha256:ed031dd0652e41b775c679d423cac5eeefaf836b8338321426926f2162df5dd3"},
]

[[package]]
name = "pytest"
version = "7.2.2"
description = "pytest: simple powerful testing with Python"
category = "dev"
optional = false
python-versions = ">=3.7"
files = [
    {file = "pytest-7.2.2-py3-none-any.whl", hash = "sha256:130328f552dcfac0b1cec75c12e3f005619dc5f874f0a06e8ff7263f0ee6225e"},
    {file = "pytest-7.2.2.tar.gz", hash = "sha256:c99ab0c73aceb050f68929bc93af19ab6db0558791c6a0715723abe9d0ade9d4"},
]

[package.dependencies]
attrs = ">=19.2.0"
colorama = {version = "*", markers = "sys_platform == \"win32\""}
iniconfig = "*"
packaging = "*"
pluggy = ">=0.12,<2.0"

[package.extras]
testing = ["argcomplete", "hypothesis (>=3.56)", "mock", "nose", "pygments (>=2.7.2)", "requests", "xmlschema"]

[[package]]
name = "pytest-cov"
version = "4.0.0"
description = "Pytest plugin for measuring coverage."
category = "dev"
optional = false
python-versions = ">=3.6"
files = [
    {file = "pytest-cov-4.0.0.tar.gz", hash = "sha256:996b79efde6433cdbd0088872dbc5fb3ed7fe1578b68cdbba634f14bb8dd0470"},
    {file = "pytest_cov-4.0.0-py3-none-any.whl", hash = "sha256:2feb1b751d66a8bd934e5edfa2e961d11309dc37b73b0eabe73b5945fee20f6b"},
]

[package.dependencies]
coverage = {version = ">=5.2.1", extras = ["toml"]}
pytest = ">=4.6"

[package.extras]
testing = ["fields", "hunter", "process-tests", "pytest-xdist", "six", "virtualenv"]

[[package]]
name = "pyyaml"
version = "6.0"
description = "YAML parser and emitter for Python"
category = "main"
optional = false
python-versions = ">=3.6"
files = [
    {file = "PyYAML-6.0-cp310-cp310-macosx_10_9_x86_64.whl", hash = "sha256:d4db7c7aef085872ef65a8fd7d6d09a14ae91f691dec3e87ee5ee0539d516f53"},
    {file = "PyYAML-6.0-cp310-cp310-macosx_11_0_arm64.whl", hash = "sha256:9df7ed3b3d2e0ecfe09e14741b857df43adb5a3ddadc919a2d94fbdf78fea53c"},
    {file = "PyYAML-6.0-cp310-cp310-manylinux_2_17_aarch64.manylinux2014_aarch64.whl", hash = "sha256:77f396e6ef4c73fdc33a9157446466f1cff553d979bd00ecb64385760c6babdc"},
    {file = "PyYAML-6.0-cp310-cp310-manylinux_2_17_s390x.manylinux2014_s390x.whl", hash = "sha256:a80a78046a72361de73f8f395f1f1e49f956c6be882eed58505a15f3e430962b"},
    {file = "PyYAML-6.0-cp310-cp310-manylinux_2_5_x86_64.manylinux1_x86_64.manylinux_2_12_x86_64.manylinux2010_x86_64.whl", hash = "sha256:f84fbc98b019fef2ee9a1cb3ce93e3187a6df0b2538a651bfb890254ba9f90b5"},
    {file = "PyYAML-6.0-cp310-cp310-win32.whl", hash = "sha256:2cd5df3de48857ed0544b34e2d40e9fac445930039f3cfe4bcc592a1f836d513"},
    {file = "PyYAML-6.0-cp310-cp310-win_amd64.whl", hash = "sha256:daf496c58a8c52083df09b80c860005194014c3698698d1a57cbcfa182142a3a"},
    {file = "PyYAML-6.0-cp311-cp311-macosx_10_9_x86_64.whl", hash = "sha256:d4b0ba9512519522b118090257be113b9468d804b19d63c71dbcf4a48fa32358"},
    {file = "PyYAML-6.0-cp311-cp311-macosx_11_0_arm64.whl", hash = "sha256:81957921f441d50af23654aa6c5e5eaf9b06aba7f0a19c18a538dc7ef291c5a1"},
    {file = "PyYAML-6.0-cp311-cp311-manylinux_2_17_aarch64.manylinux2014_aarch64.whl", hash = "sha256:afa17f5bc4d1b10afd4466fd3a44dc0e245382deca5b3c353d8b757f9e3ecb8d"},
    {file = "PyYAML-6.0-cp311-cp311-manylinux_2_17_s390x.manylinux2014_s390x.whl", hash = "sha256:dbad0e9d368bb989f4515da330b88a057617d16b6a8245084f1b05400f24609f"},
    {file = "PyYAML-6.0-cp311-cp311-manylinux_2_17_x86_64.manylinux2014_x86_64.whl", hash = "sha256:432557aa2c09802be39460360ddffd48156e30721f5e8d917f01d31694216782"},
    {file = "PyYAML-6.0-cp311-cp311-win32.whl", hash = "sha256:bfaef573a63ba8923503d27530362590ff4f576c626d86a9fed95822a8255fd7"},
    {file = "PyYAML-6.0-cp311-cp311-win_amd64.whl", hash = "sha256:01b45c0191e6d66c470b6cf1b9531a771a83c1c4208272ead47a3ae4f2f603bf"},
    {file = "PyYAML-6.0-cp36-cp36m-macosx_10_9_x86_64.whl", hash = "sha256:897b80890765f037df3403d22bab41627ca8811ae55e9a722fd0392850ec4d86"},
    {file = "PyYAML-6.0-cp36-cp36m-manylinux_2_17_aarch64.manylinux2014_aarch64.whl", hash = "sha256:50602afada6d6cbfad699b0c7bb50d5ccffa7e46a3d738092afddc1f9758427f"},
    {file = "PyYAML-6.0-cp36-cp36m-manylinux_2_17_s390x.manylinux2014_s390x.whl", hash = "sha256:48c346915c114f5fdb3ead70312bd042a953a8ce5c7106d5bfb1a5254e47da92"},
    {file = "PyYAML-6.0-cp36-cp36m-manylinux_2_5_x86_64.manylinux1_x86_64.manylinux_2_12_x86_64.manylinux2010_x86_64.whl", hash = "sha256:98c4d36e99714e55cfbaaee6dd5badbc9a1ec339ebfc3b1f52e293aee6bb71a4"},
    {file = "PyYAML-6.0-cp36-cp36m-win32.whl", hash = "sha256:0283c35a6a9fbf047493e3a0ce8d79ef5030852c51e9d911a27badfde0605293"},
    {file = "PyYAML-6.0-cp36-cp36m-win_amd64.whl", hash = "sha256:07751360502caac1c067a8132d150cf3d61339af5691fe9e87803040dbc5db57"},
    {file = "PyYAML-6.0-cp37-cp37m-macosx_10_9_x86_64.whl", hash = "sha256:819b3830a1543db06c4d4b865e70ded25be52a2e0631ccd2f6a47a2822f2fd7c"},
    {file = "PyYAML-6.0-cp37-cp37m-manylinux_2_17_aarch64.manylinux2014_aarch64.whl", hash = "sha256:473f9edb243cb1935ab5a084eb238d842fb8f404ed2193a915d1784b5a6b5fc0"},
    {file = "PyYAML-6.0-cp37-cp37m-manylinux_2_17_s390x.manylinux2014_s390x.whl", hash = "sha256:0ce82d761c532fe4ec3f87fc45688bdd3a4c1dc5e0b4a19814b9009a29baefd4"},
    {file = "PyYAML-6.0-cp37-cp37m-manylinux_2_5_x86_64.manylinux1_x86_64.manylinux_2_12_x86_64.manylinux2010_x86_64.whl", hash = "sha256:231710d57adfd809ef5d34183b8ed1eeae3f76459c18fb4a0b373ad56bedcdd9"},
    {file = "PyYAML-6.0-cp37-cp37m-win32.whl", hash = "sha256:c5687b8d43cf58545ade1fe3e055f70eac7a5a1a0bf42824308d868289a95737"},
    {file = "PyYAML-6.0-cp37-cp37m-win_amd64.whl", hash = "sha256:d15a181d1ecd0d4270dc32edb46f7cb7733c7c508857278d3d378d14d606db2d"},
    {file = "PyYAML-6.0-cp38-cp38-macosx_10_9_x86_64.whl", hash = "sha256:0b4624f379dab24d3725ffde76559cff63d9ec94e1736b556dacdfebe5ab6d4b"},
    {file = "PyYAML-6.0-cp38-cp38-manylinux_2_17_aarch64.manylinux2014_aarch64.whl", hash = "sha256:213c60cd50106436cc818accf5baa1aba61c0189ff610f64f4a3e8c6726218ba"},
    {file = "PyYAML-6.0-cp38-cp38-manylinux_2_17_s390x.manylinux2014_s390x.whl", hash = "sha256:9fa600030013c4de8165339db93d182b9431076eb98eb40ee068700c9c813e34"},
    {file = "PyYAML-6.0-cp38-cp38-manylinux_2_5_x86_64.manylinux1_x86_64.manylinux_2_12_x86_64.manylinux2010_x86_64.whl", hash = "sha256:277a0ef2981ca40581a47093e9e2d13b3f1fbbeffae064c1d21bfceba2030287"},
    {file = "PyYAML-6.0-cp38-cp38-win32.whl", hash = "sha256:d4eccecf9adf6fbcc6861a38015c2a64f38b9d94838ac1810a9023a0609e1b78"},
    {file = "PyYAML-6.0-cp38-cp38-win_amd64.whl", hash = "sha256:1e4747bc279b4f613a09eb64bba2ba602d8a6664c6ce6396a4d0cd413a50ce07"},
    {file = "PyYAML-6.0-cp39-cp39-macosx_10_9_x86_64.whl", hash = "sha256:055d937d65826939cb044fc8c9b08889e8c743fdc6a32b33e2390f66013e449b"},
    {file = "PyYAML-6.0-cp39-cp39-macosx_11_0_arm64.whl", hash = "sha256:e61ceaab6f49fb8bdfaa0f92c4b57bcfbea54c09277b1b4f7ac376bfb7a7c174"},
    {file = "PyYAML-6.0-cp39-cp39-manylinux_2_17_aarch64.manylinux2014_aarch64.whl", hash = "sha256:d67d839ede4ed1b28a4e8909735fc992a923cdb84e618544973d7dfc71540803"},
    {file = "PyYAML-6.0-cp39-cp39-manylinux_2_17_s390x.manylinux2014_s390x.whl", hash = "sha256:cba8c411ef271aa037d7357a2bc8f9ee8b58b9965831d9e51baf703280dc73d3"},
    {file = "PyYAML-6.0-cp39-cp39-manylinux_2_5_x86_64.manylinux1_x86_64.manylinux_2_12_x86_64.manylinux2010_x86_64.whl", hash = "sha256:40527857252b61eacd1d9af500c3337ba8deb8fc298940291486c465c8b46ec0"},
    {file = "PyYAML-6.0-cp39-cp39-win32.whl", hash = "sha256:b5b9eccad747aabaaffbc6064800670f0c297e52c12754eb1d976c57e4f74dcb"},
    {file = "PyYAML-6.0-cp39-cp39-win_amd64.whl", hash = "sha256:b3d267842bf12586ba6c734f89d1f5b871df0273157918b0ccefa29deb05c21c"},
    {file = "PyYAML-6.0.tar.gz", hash = "sha256:68fb519c14306fec9720a2a5b45bc9f0c8d1b9c72adf45c37baedfcd949c35a2"},
]

[[package]]
name = "typing-extensions"
version = "4.5.0"
description = "Backported and Experimental Type Hints for Python 3.7+"
category = "main"
optional = false
python-versions = ">=3.7"
files = [
    {file = "typing_extensions-4.5.0-py3-none-any.whl", hash = "sha256:fb33085c39dd998ac16d1431ebc293a8b3eedd00fd4a32de0ff79002c19511b4"},
    {file = "typing_extensions-4.5.0.tar.gz", hash = "sha256:5cb5f4a79139d699607b3ef622a1dedafa84e115ab0024e0d9c044a9479ca7cb"},
]

[metadata]
lock-version = "2.0"
python-versions = "^3.11"
content-hash = "3e197141dd7bcae9c6dd88d3be08404173ab0e896bfceab8de62ad63d6a6d0f8"
