# This file is automatically @generated by Poetry and should not be changed by hand.

[[package]]
name = "annotated-types"
version = "0.4.0"
description = "Reusable constraint types to use with typing.Annotated"
category = "main"
optional = false
python-versions = ">=3.7"
files = [
    {file = "annotated_types-0.4.0-py3-none-any.whl", hash = "sha256:ac27bcccc7a1447efe9a9bd1145766cc14a841b107a6040a799c260e83adf67d"},
    {file = "annotated_types-0.4.0.tar.gz", hash = "sha256:fae0ca44ad43b7e54dbb02b22137885b1cb1cb7a312fe9fe7a6d77a0e5b0443a"},
]

[[package]]
name = "colorama"
version = "0.4.6"
description = "Cross-platform colored terminal text."
category = "dev"
optional = false
python-versions = "!=3.0.*,!=3.1.*,!=3.2.*,!=3.3.*,!=3.4.*,!=3.5.*,!=3.6.*,>=2.7"
files = [
    {file = "colorama-0.4.6-py2.py3-none-any.whl", hash = "sha256:4f1d9991f5acc0ca119f9d443620b77f9d6b33703e51011c16baf57afb285fc6"},
    {file = "colorama-0.4.6.tar.gz", hash = "sha256:08695f5cb7ed6e0531a20572697297273c47b8cae5a63ffc6d6ed5c201be6e44"},
]

[[package]]
name = "coverage"
version = "7.2.3"
description = "Code coverage measurement for Python"
category = "dev"
optional = false
python-versions = ">=3.7"
files = [
    {file = "coverage-7.2.3-cp310-cp310-macosx_10_9_x86_64.whl", hash = "sha256:e58c0d41d336569d63d1b113bd573db8363bc4146f39444125b7f8060e4e04f5"},
    {file = "coverage-7.2.3-cp310-cp310-macosx_11_0_arm64.whl", hash = "sha256:344e714bd0fe921fc72d97404ebbdbf9127bac0ca1ff66d7b79efc143cf7c0c4"},
    {file = "coverage-7.2.3-cp310-cp310-manylinux_2_17_aarch64.manylinux2014_aarch64.whl", hash = "sha256:974bc90d6f6c1e59ceb1516ab00cf1cdfbb2e555795d49fa9571d611f449bcb2"},
    {file = "coverage-7.2.3-cp310-cp310-manylinux_2_5_i686.manylinux1_i686.manylinux_2_17_i686.manylinux2014_i686.whl", hash = "sha256:0743b0035d4b0e32bc1df5de70fba3059662ace5b9a2a86a9f894cfe66569013"},
    {file = "coverage-7.2.3-cp310-cp310-manylinux_2_5_x86_64.manylinux1_x86_64.manylinux_2_17_x86_64.manylinux2014_x86_64.whl", hash = "sha256:5d0391fb4cfc171ce40437f67eb050a340fdbd0f9f49d6353a387f1b7f9dd4fa"},
    {file = "coverage-7.2.3-cp310-cp310-musllinux_1_1_aarch64.whl", hash = "sha256:4a42e1eff0ca9a7cb7dc9ecda41dfc7cbc17cb1d02117214be0561bd1134772b"},
    {file = "coverage-7.2.3-cp310-cp310-musllinux_1_1_i686.whl", hash = "sha256:be19931a8dcbe6ab464f3339966856996b12a00f9fe53f346ab3be872d03e257"},
    {file = "coverage-7.2.3-cp310-cp310-musllinux_1_1_x86_64.whl", hash = "sha256:72fcae5bcac3333a4cf3b8f34eec99cea1187acd55af723bcbd559adfdcb5535"},
    {file = "coverage-7.2.3-cp310-cp310-win32.whl", hash = "sha256:aeae2aa38395b18106e552833f2a50c27ea0000122bde421c31d11ed7e6f9c91"},
    {file = "coverage-7.2.3-cp310-cp310-win_amd64.whl", hash = "sha256:83957d349838a636e768251c7e9979e899a569794b44c3728eaebd11d848e58e"},
    {file = "coverage-7.2.3-cp311-cp311-macosx_10_9_x86_64.whl", hash = "sha256:dfd393094cd82ceb9b40df4c77976015a314b267d498268a076e940fe7be6b79"},
    {file = "coverage-7.2.3-cp311-cp311-macosx_11_0_arm64.whl", hash = "sha256:182eb9ac3f2b4874a1f41b78b87db20b66da6b9cdc32737fbbf4fea0c35b23fc"},
    {file = "coverage-7.2.3-cp311-cp311-manylinux_2_17_aarch64.manylinux2014_aarch64.whl", hash = "sha256:1bb1e77a9a311346294621be905ea8a2c30d3ad371fc15bb72e98bfcfae532df"},
    {file = "coverage-7.2.3-cp311-cp311-manylinux_2_5_i686.manylinux1_i686.manylinux_2_17_i686.manylinux2014_i686.whl", hash = "sha256:ca0f34363e2634deffd390a0fef1aa99168ae9ed2af01af4a1f5865e362f8623"},
    {file = "coverage-7.2.3-cp311-cp311-manylinux_2_5_x86_64.manylinux1_x86_64.manylinux_2_17_x86_64.manylinux2014_x86_64.whl", hash = "sha256:55416d7385774285b6e2a5feca0af9652f7f444a4fa3d29d8ab052fafef9d00d"},
    {file = "coverage-7.2.3-cp311-cp311-musllinux_1_1_aarch64.whl", hash = "sha256:06ddd9c0249a0546997fdda5a30fbcb40f23926df0a874a60a8a185bc3a87d93"},
    {file = "coverage-7.2.3-cp311-cp311-musllinux_1_1_i686.whl", hash = "sha256:fff5aaa6becf2c6a1699ae6a39e2e6fb0672c2d42eca8eb0cafa91cf2e9bd312"},
    {file = "coverage-7.2.3-cp311-cp311-musllinux_1_1_x86_64.whl", hash = "sha256:ea53151d87c52e98133eb8ac78f1206498c015849662ca8dc246255265d9c3c4"},
    {file = "coverage-7.2.3-cp311-cp311-win32.whl", hash = "sha256:8f6c930fd70d91ddee53194e93029e3ef2aabe26725aa3c2753df057e296b925"},
    {file = "coverage-7.2.3-cp311-cp311-win_amd64.whl", hash = "sha256:fa546d66639d69aa967bf08156eb8c9d0cd6f6de84be9e8c9819f52ad499c910"},
    {file = "coverage-7.2.3-cp37-cp37m-macosx_10_9_x86_64.whl", hash = "sha256:b2317d5ed777bf5a033e83d4f1389fd4ef045763141d8f10eb09a7035cee774c"},
    {file = "coverage-7.2.3-cp37-cp37m-manylinux_2_17_aarch64.manylinux2014_aarch64.whl", hash = "sha256:be9824c1c874b73b96288c6d3de793bf7f3a597770205068c6163ea1f326e8b9"},
    {file = "coverage-7.2.3-cp37-cp37m-manylinux_2_5_i686.manylinux1_i686.manylinux_2_17_i686.manylinux2014_i686.whl", hash = "sha256:2c3b2803e730dc2797a017335827e9da6da0e84c745ce0f552e66400abdfb9a1"},
    {file = "coverage-7.2.3-cp37-cp37m-manylinux_2_5_x86_64.manylinux1_x86_64.manylinux_2_17_x86_64.manylinux2014_x86_64.whl", hash = "sha256:8f69770f5ca1994cb32c38965e95f57504d3aea96b6c024624fdd5bb1aa494a1"},
    {file = "coverage-7.2.3-cp37-cp37m-musllinux_1_1_aarch64.whl", hash = "sha256:1127b16220f7bfb3f1049ed4a62d26d81970a723544e8252db0efde853268e21"},
    {file = "coverage-7.2.3-cp37-cp37m-musllinux_1_1_i686.whl", hash = "sha256:aa784405f0c640940595fa0f14064d8e84aff0b0f762fa18393e2760a2cf5841"},
    {file = "coverage-7.2.3-cp37-cp37m-musllinux_1_1_x86_64.whl", hash = "sha256:3146b8e16fa60427e03884301bf8209221f5761ac754ee6b267642a2fd354c48"},
    {file = "coverage-7.2.3-cp37-cp37m-win32.whl", hash = "sha256:1fd78b911aea9cec3b7e1e2622c8018d51c0d2bbcf8faaf53c2497eb114911c1"},
    {file = "coverage-7.2.3-cp37-cp37m-win_amd64.whl", hash = "sha256:0f3736a5d34e091b0a611964c6262fd68ca4363df56185902528f0b75dbb9c1f"},
    {file = "coverage-7.2.3-cp38-cp38-macosx_10_9_x86_64.whl", hash = "sha256:981b4df72c93e3bc04478153df516d385317628bd9c10be699c93c26ddcca8ab"},
    {file = "coverage-7.2.3-cp38-cp38-macosx_11_0_arm64.whl", hash = "sha256:c0045f8f23a5fb30b2eb3b8a83664d8dc4fb58faddf8155d7109166adb9f2040"},
    {file = "coverage-7.2.3-cp38-cp38-manylinux_2_17_aarch64.manylinux2014_aarch64.whl", hash = "sha256:f760073fcf8f3d6933178d67754f4f2d4e924e321f4bb0dcef0424ca0215eba1"},
    {file = "coverage-7.2.3-cp38-cp38-manylinux_2_5_i686.manylinux1_i686.manylinux_2_17_i686.manylinux2014_i686.whl", hash = "sha256:c86bd45d1659b1ae3d0ba1909326b03598affbc9ed71520e0ff8c31a993ad911"},
    {file = "coverage-7.2.3-cp38-cp38-manylinux_2_5_x86_64.manylinux1_x86_64.manylinux_2_17_x86_64.manylinux2014_x86_64.whl", hash = "sha256:172db976ae6327ed4728e2507daf8a4de73c7cc89796483e0a9198fd2e47b462"},
    {file = "coverage-7.2.3-cp38-cp38-musllinux_1_1_aarch64.whl", hash = "sha256:d2a3a6146fe9319926e1d477842ca2a63fe99af5ae690b1f5c11e6af074a6b5c"},
    {file = "coverage-7.2.3-cp38-cp38-musllinux_1_1_i686.whl", hash = "sha256:f649dd53833b495c3ebd04d6eec58479454a1784987af8afb77540d6c1767abd"},
    {file = "coverage-7.2.3-cp38-cp38-musllinux_1_1_x86_64.whl", hash = "sha256:7c4ed4e9f3b123aa403ab424430b426a1992e6f4c8fd3cb56ea520446e04d152"},
    {file = "coverage-7.2.3-cp38-cp38-win32.whl", hash = "sha256:eb0edc3ce9760d2f21637766c3aa04822030e7451981ce569a1b3456b7053f22"},
    {file = "coverage-7.2.3-cp38-cp38-win_amd64.whl", hash = "sha256:63cdeaac4ae85a179a8d6bc09b77b564c096250d759eed343a89d91bce8b6367"},
    {file = "coverage-7.2.3-cp39-cp39-macosx_10_9_x86_64.whl", hash = "sha256:20d1a2a76bb4eb00e4d36b9699f9b7aba93271c9c29220ad4c6a9581a0320235"},
    {file = "coverage-7.2.3-cp39-cp39-macosx_11_0_arm64.whl", hash = "sha256:4ea748802cc0de4de92ef8244dd84ffd793bd2e7be784cd8394d557a3c751e21"},
    {file = "coverage-7.2.3-cp39-cp39-manylinux_2_17_aarch64.manylinux2014_aarch64.whl", hash = "sha256:21b154aba06df42e4b96fc915512ab39595105f6c483991287021ed95776d934"},
    {file = "coverage-7.2.3-cp39-cp39-manylinux_2_5_i686.manylinux1_i686.manylinux_2_17_i686.manylinux2014_i686.whl", hash = "sha256:fd214917cabdd6f673a29d708574e9fbdb892cb77eb426d0eae3490d95ca7859"},
    {file = "coverage-7.2.3-cp39-cp39-manylinux_2_5_x86_64.manylinux1_x86_64.manylinux_2_17_x86_64.manylinux2014_x86_64.whl", hash = "sha256:2c2e58e45fe53fab81f85474e5d4d226eeab0f27b45aa062856c89389da2f0d9"},
    {file = "coverage-7.2.3-cp39-cp39-musllinux_1_1_aarch64.whl", hash = "sha256:87ecc7c9a1a9f912e306997ffee020297ccb5ea388421fe62a2a02747e4d5539"},
    {file = "coverage-7.2.3-cp39-cp39-musllinux_1_1_i686.whl", hash = "sha256:387065e420aed3c71b61af7e82c7b6bc1c592f7e3c7a66e9f78dd178699da4fe"},
    {file = "coverage-7.2.3-cp39-cp39-musllinux_1_1_x86_64.whl", hash = "sha256:ea3f5bc91d7d457da7d48c7a732beaf79d0c8131df3ab278e6bba6297e23c6c4"},
    {file = "coverage-7.2.3-cp39-cp39-win32.whl", hash = "sha256:ae7863a1d8db6a014b6f2ff9c1582ab1aad55a6d25bac19710a8df68921b6e30"},
    {file = "coverage-7.2.3-cp39-cp39-win_amd64.whl", hash = "sha256:3f04becd4fcda03c0160d0da9c8f0c246bc78f2f7af0feea1ec0930e7c93fa4a"},
    {file = "coverage-7.2.3-pp37.pp38.pp39-none-any.whl", hash = "sha256:965ee3e782c7892befc25575fa171b521d33798132692df428a09efacaffe8d0"},
    {file = "coverage-7.2.3.tar.gz", hash = "sha256:d298c2815fa4891edd9abe5ad6e6cb4207104c7dd9fd13aea3fdebf6f9b91259"},
]

[package.extras]
toml = ["tomli"]

[[package]]
name = "iniconfig"
version = "2.0.0"
description = "brain-dead simple config-ini parsing"
category = "dev"
optional = false
python-versions = ">=3.7"
files = [
    {file = "iniconfig-2.0.0-py3-none-any.whl", hash = "sha256:b6a85871a79d2e3b22d2d1b94ac2824226a63c6b741c88f7ae975f18b6778374"},
    {file = "iniconfig-2.0.0.tar.gz", hash = "sha256:2d91e135bf72d31a410b17c16da610a82cb55f6b0477d1a902134b24a455b8b3"},
]

[[package]]
name = "packaging"
version = "23.0"
description = "Core utilities for Python packages"
category = "main"
optional = false
python-versions = ">=3.7"
files = [
    {file = "packaging-23.0-py3-none-any.whl", hash = "sha256:714ac14496c3e68c99c29b00845f7a2b85f3bb6f1078fd9f72fd20f0570002b2"},
    {file = "packaging-23.0.tar.gz", hash = "sha256:b6ad297f8907de0fa2fe1ccbd26fdaf387f5f47c7275fedf8cce89f99446cf97"},
]

[[package]]
name = "pluggy"
version = "1.0.0"
description = "plugin and hook calling mechanisms for python"
category = "dev"
optional = false
python-versions = ">=3.6"
files = [
    {file = "pluggy-1.0.0-py2.py3-none-any.whl", hash = "sha256:74134bbf457f031a36d68416e1509f34bd5ccc019f0bcc952c7b909d06b37bd3"},
    {file = "pluggy-1.0.0.tar.gz", hash = "sha256:4224373bacce55f955a878bf9cfa763c1e360858e330072059e10bad68531159"},
]

[package.extras]
dev = ["pre-commit", "tox"]
testing = ["pytest", "pytest-benchmark"]

[[package]]
name = "pydantic"
version = "2.0a1"
description = "Data validation using Python type hints"
category = "main"
optional = false
python-versions = ">=3.7"
files = []
develop = false

[package.dependencies]
annotated-types = ">=0.4.0"
pydantic-core = ">=0.23.0"
typing-extensions = ">=4.2.0"

[package.extras]
email = ["email-validator (>=1.3.0)"]

[package.source]
type = "git"
url = "https://github.com/pydantic/pydantic"
reference = "HEAD"
resolved_reference = "dae4ec7ba08f982552d4ecb9acd1a444e091545f"

[[package]]
name = "pydantic-core"
version = "0.23.0"
description = ""
category = "main"
optional = false
python-versions = ">=3.7"
files = [
    {file = "pydantic_core-0.23.0-cp310-cp310-macosx_10_7_x86_64.whl", hash = "sha256:9fa2248c8d8a908e597b8b53b5bda081a159f474f8fb74fb7a14afafbd634191"},
    {file = "pydantic_core-0.23.0-cp310-cp310-macosx_11_0_arm64.whl", hash = "sha256:69798da99330a62d122ea980409d80b67ad165ec2509b1b0fd41496a3b53337a"},
    {file = "pydantic_core-0.23.0-cp310-cp310-manylinux_2_17_aarch64.manylinux2014_aarch64.whl", hash = "sha256:f5c21146cb8b10b410a9f93bc4a584330485fa992b569220b2ddd8791fd4f336"},
    {file = "pydantic_core-0.23.0-cp310-cp310-manylinux_2_17_x86_64.manylinux2014_x86_64.whl", hash = "sha256:c8c7bf7c481da039cf5b16255385aa66bd2718c52288aa1f9eb8fa1f846e7134"},
    {file = "pydantic_core-0.23.0-cp310-cp310-manylinux_2_24_armv7l.whl", hash = "sha256:158cfb9f86032f2f8f9b9e21df7c396a124f3ff570702e5a71754f2da6057c45"},
    {file = "pydantic_core-0.23.0-cp310-cp310-manylinux_2_24_ppc64le.whl", hash = "sha256:e7ff927880c4621d4e9d14f2e85c49425bbf7a930f1898e6bfb880dcf93dc957"},
    {file = "pydantic_core-0.23.0-cp310-cp310-manylinux_2_24_s390x.whl", hash = "sha256:16507ef05c255be9afd2a611caffa97e0cb63e1a7f16be5868f4a353fc664e91"},
    {file = "pydantic_core-0.23.0-cp310-cp310-manylinux_2_5_i686.manylinux1_i686.whl", hash = "sha256:8df9511d7a733cef27d582d1dbac3de59759ed27b75d1fb3d5cf05ff9f79ae4d"},
    {file = "pydantic_core-0.23.0-cp310-cp310-musllinux_1_1_aarch64.whl", hash = "sha256:edb4a4f0e5fb2bcf560074703c55cdc5a99a37dcafe8adec6d396e163f7415be"},
    {file = "pydantic_core-0.23.0-cp310-cp310-musllinux_1_1_x86_64.whl", hash = "sha256:b2cf5e15871977553229a237eb5b0dd7a38857d7de936b63717db98b184265e0"},
    {file = "pydantic_core-0.23.0-cp310-none-win32.whl", hash = "sha256:b601e1d18ae6b9589e03a507e932406c0a10751e90f0d457942c2f2719b391d1"},
    {file = "pydantic_core-0.23.0-cp310-none-win_amd64.whl", hash = "sha256:7987b49e881116d0c1ca8537ef8021fa7e8d4c8a22278954b276a43f3a67d411"},
    {file = "pydantic_core-0.23.0-cp311-cp311-macosx_10_7_x86_64.whl", hash = "sha256:96c78790ce89f53b99e910c856984f6ed7dafb47b4e5f0a3b84d98260855ee25"},
    {file = "pydantic_core-0.23.0-cp311-cp311-macosx_11_0_arm64.whl", hash = "sha256:355e153fc0485479ff54bfb636c787e4ffa43a8ee88bc01e17778f13b23445db"},
    {file = "pydantic_core-0.23.0-cp311-cp311-manylinux_2_17_aarch64.manylinux2014_aarch64.whl", hash = "sha256:1b1ceee1687e1c234b588bb05bb36b5d78d77e997c204b141c6ad7afc4fe9e21"},
    {file = "pydantic_core-0.23.0-cp311-cp311-manylinux_2_17_x86_64.manylinux2014_x86_64.whl", hash = "sha256:fb03f716199d535c401ff5237a178ed68afd0020d41b8b8942eb489307d5b1b7"},
    {file = "pydantic_core-0.23.0-cp311-cp311-manylinux_2_24_armv7l.whl", hash = "sha256:5b89ed3aa619b7a8dbafb279ec4e3926749dacb036f2fa6c72eb55a3e152337d"},
    {file = "pydantic_core-0.23.0-cp311-cp311-manylinux_2_24_ppc64le.whl", hash = "sha256:b0082293919da14e66b54032deda0935679bcc6fe25a7a56e39b9a932acbad48"},
    {file = "pydantic_core-0.23.0-cp311-cp311-manylinux_2_24_s390x.whl", hash = "sha256:02ba2d6b66876bbe9c52d53a90bb772f971e7655cfa852f5e450138d250626ac"},
    {file = "pydantic_core-0.23.0-cp311-cp311-manylinux_2_5_i686.manylinux1_i686.whl", hash = "sha256:3040515b1ea44a149fe6f1bb408299f1081365f06d80a8f531924d5c2a642c4b"},
    {file = "pydantic_core-0.23.0-cp311-cp311-musllinux_1_1_aarch64.whl", hash = "sha256:ebb70c040c68eeb893f1d73dc1b1c95754d620a214eed7028c81b0aaae6f7b3a"},
    {file = "pydantic_core-0.23.0-cp311-cp311-musllinux_1_1_x86_64.whl", hash = "sha256:3b96f6d67b13f6025353ae8dd53897c7a1c2079b21a6e6b5e34b030cdccf4685"},
    {file = "pydantic_core-0.23.0-cp311-none-win32.whl", hash = "sha256:0a361ae4d7340da8118f6c48ecde910a630f60b0df32690139e9148742091542"},
    {file = "pydantic_core-0.23.0-cp311-none-win_amd64.whl", hash = "sha256:282de194bd2aa24d812a32829c492dabf807e0615d3be32a97b691bf67ed94f3"},
    {file = "pydantic_core-0.23.0-cp37-cp37m-macosx_10_7_x86_64.whl", hash = "sha256:526df6068d264de84e2280e77bc2c4a9993d2025d80b324e5de7c2f0c77e677f"},
    {file = "pydantic_core-0.23.0-cp37-cp37m-macosx_11_0_arm64.whl", hash = "sha256:58a6faa07012949264412dcd9ae4d54b80f2deb98886c42792377b0c6512293b"},
    {file = "pydantic_core-0.23.0-cp37-cp37m-manylinux_2_17_aarch64.manylinux2014_aarch64.whl", hash = "sha256:d34fbee4aa1921c7d88ebf54493b17a388484fd5e36850cc3f524bac5c022c98"},
    {file = "pydantic_core-0.23.0-cp37-cp37m-manylinux_2_17_x86_64.manylinux2014_x86_64.whl", hash = "sha256:48475fd20eaf9c8a97646700f40a67c6a742a39d16b5a5650d4ff5b9a02a9394"},
    {file = "pydantic_core-0.23.0-cp37-cp37m-manylinux_2_24_armv7l.whl", hash = "sha256:b35bccb048ad31397722f3ff462a99965b0c8a5e40a584d88e21195cb816e162"},
    {file = "pydantic_core-0.23.0-cp37-cp37m-manylinux_2_24_ppc64le.whl", hash = "sha256:10fa27a487e1c7cdcf9b5c0ad280bf6158998df7f54feff02699774d763871e6"},
    {file = "pydantic_core-0.23.0-cp37-cp37m-manylinux_2_24_s390x.whl", hash = "sha256:9d68455df8cfdad5c99d7e5654e472b74182bc0892271a90e50bc93ddab8f09d"},
    {file = "pydantic_core-0.23.0-cp37-cp37m-manylinux_2_5_i686.manylinux1_i686.whl", hash = "sha256:999ec8fab4dd6916589d2b254d239d08408482a9645fa92eaa307a342ab0d0fc"},
    {file = "pydantic_core-0.23.0-cp37-cp37m-musllinux_1_1_aarch64.whl", hash = "sha256:ee3b9aadfb55833d5f0480dfb6018101d3780da7de82ec422ff846b973567997"},
    {file = "pydantic_core-0.23.0-cp37-cp37m-musllinux_1_1_x86_64.whl", hash = "sha256:269c06cc3dda0b2c0b6a839a178a4da665060bf90db6db3c745df4d9176979ab"},
    {file = "pydantic_core-0.23.0-cp37-none-win32.whl", hash = "sha256:5527338b82744ab4a83c1054dba335d17795ae2feb0e9aef31bb2987294a13c9"},
    {file = "pydantic_core-0.23.0-cp37-none-win_amd64.whl", hash = "sha256:2c9cd312a2761cb32c03794404549925fbbfd89b6b6e893ba227e8026a7cf187"},
    {file = "pydantic_core-0.23.0-cp38-cp38-macosx_10_7_x86_64.whl", hash = "sha256:a49215ea280a61e5498020184392dad36c098510c76628fff4560f892ab94577"},
    {file = "pydantic_core-0.23.0-cp38-cp38-macosx_11_0_arm64.whl", hash = "sha256:f5d8e709e331fc1bda1ebfbe75ecf9eae7ce2f9a26c5106e284a0bf5a345c729"},
    {file = "pydantic_core-0.23.0-cp38-cp38-manylinux_2_17_aarch64.manylinux2014_aarch64.whl", hash = "sha256:477b644218ee8eef15916b21f8ec0c1229473612716215542858345bc152b5e0"},
    {file = "pydantic_core-0.23.0-cp38-cp38-manylinux_2_17_x86_64.manylinux2014_x86_64.whl", hash = "sha256:9ebd526b3263defaf719cc492124295104b727d3e95468aab3a5601e2e9241a9"},
    {file = "pydantic_core-0.23.0-cp38-cp38-manylinux_2_24_armv7l.whl", hash = "sha256:218138c3001d7b4c34ee6a1506152ce1c646ffb3f9202d234e044e8292472d76"},
    {file = "pydantic_core-0.23.0-cp38-cp38-manylinux_2_24_ppc64le.whl", hash = "sha256:d922c4d66cd706f9e61783dacadd50064f90a50f9786f48a73a6259c3e10f585"},
    {file = "pydantic_core-0.23.0-cp38-cp38-manylinux_2_24_s390x.whl", hash = "sha256:e0ce46ffac3d1c6294f636c7a1a0156ba4f7ee1bd4a97b625f30067047347697"},
    {file = "pydantic_core-0.23.0-cp38-cp38-manylinux_2_5_i686.manylinux1_i686.whl", hash = "sha256:95ddef426b89a85304f30d83023b8673c36804bb53cdbc7a3fb2839d96b72b29"},
    {file = "pydantic_core-0.23.0-cp38-cp38-musllinux_1_1_aarch64.whl", hash = "sha256:2e09dd8eae3cc4d1e42da0a15fd9ba6b8adb88fc99760b4ccd84e4688c56247a"},
    {file = "pydantic_core-0.23.0-cp38-cp38-musllinux_1_1_x86_64.whl", hash = "sha256:21fcd2052673d8f42009cd7f5e1a06ec58e3599ec1e0f0e5c5a8cd296536ae9f"},
    {file = "pydantic_core-0.23.0-cp38-none-win32.whl", hash = "sha256:842eab5750e8da2777b00dabe82b5c1c4a950cca6b01171bf3d36d83ab1c27ba"},
    {file = "pydantic_core-0.23.0-cp38-none-win_amd64.whl", hash = "sha256:3b39f35d6dc5a3903d77c52d39ddf8fe6464f3038a59174467c1af4c2250f7f8"},
    {file = "pydantic_core-0.23.0-cp39-cp39-macosx_10_7_x86_64.whl", hash = "sha256:0c0f1122a01952b94c9c6ef5843f100a5091d063bf4b0bdbdae98c493ab894c2"},
    {file = "pydantic_core-0.23.0-cp39-cp39-macosx_11_0_arm64.whl", hash = "sha256:4dfd148e3c7a4cf3895af5558f656e81f161bd7fe950433a7bbb633fd4c887f6"},
    {file = "pydantic_core-0.23.0-cp39-cp39-manylinux_2_17_aarch64.manylinux2014_aarch64.whl", hash = "sha256:79fb39ac5158fa444d910fb0043f2f2351a91ea19da9835e94f80ffb8260e683"},
    {file = "pydantic_core-0.23.0-cp39-cp39-manylinux_2_17_x86_64.manylinux2014_x86_64.whl", hash = "sha256:e128f6a39faf8afa4aafa34c49f6d9987f41a25414b363d1b7e59f64b75841db"},
    {file = "pydantic_core-0.23.0-cp39-cp39-manylinux_2_24_armv7l.whl", hash = "sha256:ae1ca5b8d04a579a40b7dcdc3cd9ce0f294d70c710febc88c61339a2b1d1b7b8"},
    {file = "pydantic_core-0.23.0-cp39-cp39-manylinux_2_24_ppc64le.whl", hash = "sha256:64f17d2ecbc4ad9833e5664f8a825402702a618d0f06909b44890fc8ad015a33"},
    {file = "pydantic_core-0.23.0-cp39-cp39-manylinux_2_24_s390x.whl", hash = "sha256:e4598fbd7638891f978fe99b4cfb49c7df85309adf4df17e89f6e5ab2e96c8bf"},
    {file = "pydantic_core-0.23.0-cp39-cp39-manylinux_2_5_i686.manylinux1_i686.whl", hash = "sha256:8c6a94acfa1a4fc6ad94e2ad9a2517b6b86f19f208c77f3f89b977d13cd8287b"},
    {file = "pydantic_core-0.23.0-cp39-cp39-musllinux_1_1_aarch64.whl", hash = "sha256:9dc09207b54692fb5e9897e7411e10caaaee9fcc51bcede8cf67b502cabe53ae"},
    {file = "pydantic_core-0.23.0-cp39-cp39-musllinux_1_1_x86_64.whl", hash = "sha256:d0130e68d351d23b92d897502b7f089b8ade6d9e9ab0b21acf9e18ffded02394"},
    {file = "pydantic_core-0.23.0-cp39-none-win32.whl", hash = "sha256:e2f1dd5fe65b7ad83960d50933e9a8564230f00f99b20b9794d8f36a5797d870"},
    {file = "pydantic_core-0.23.0-cp39-none-win_amd64.whl", hash = "sha256:243863b6faa584064b7f772f2b31e7e912567fdcd2ef18f8767359acf85f50f7"},
    {file = "pydantic_core-0.23.0-pp37-pypy37_pp73-macosx_10_7_x86_64.whl", hash = "sha256:e3d8b6c758925a949bba3aea46ebddca26854483eca76bb302f1411cfe3987b8"},
    {file = "pydantic_core-0.23.0-pp37-pypy37_pp73-manylinux_2_17_aarch64.manylinux2014_aarch64.whl", hash = "sha256:25027228a84850b7a7329d3b74558060634ca7c91fd7591af364fe943c656f8d"},
    {file = "pydantic_core-0.23.0-pp37-pypy37_pp73-manylinux_2_17_x86_64.manylinux2014_x86_64.whl", hash = "sha256:5f62b8a84bab71f02be715cc4c4cfc0727670a4bccc6540ed5e7d9b804d3ddbc"},
    {file = "pydantic_core-0.23.0-pp37-pypy37_pp73-manylinux_2_5_i686.manylinux1_i686.whl", hash = "sha256:09a8434a666549765c125ce4f9cbcc58c737ef6365175a8f6e80bf3ee9900831"},
    {file = "pydantic_core-0.23.0-pp37-pypy37_pp73-musllinux_1_1_aarch64.whl", hash = "sha256:8de36a55b9c9c4047a0d0f8929e602feb6ea56e47cdcb5db2c5bde2294020d88"},
    {file = "pydantic_core-0.23.0-pp37-pypy37_pp73-musllinux_1_1_x86_64.whl", hash = "sha256:9218bbea5670a1b3cc49dfdc824aa825dd12311204759e4a067e10428d183098"},
    {file = "pydantic_core-0.23.0-pp38-pypy38_pp73-macosx_10_7_x86_64.whl", hash = "sha256:317259e400ef020a1f5cd60cd0a5fd30902b38c70c05dda6f6feafd67b326dc9"},
    {file = "pydantic_core-0.23.0-pp38-pypy38_pp73-manylinux_2_17_aarch64.manylinux2014_aarch64.whl", hash = "sha256:0adaaf3135eb9dff8f9f9ba315a24305f195010988571557100f6b38757becb9"},
    {file = "pydantic_core-0.23.0-pp38-pypy38_pp73-manylinux_2_17_x86_64.manylinux2014_x86_64.whl", hash = "sha256:0bb8ca197f05199bd3b2ccdd6b3e0661669fd274956b894059bed7d0eeef508d"},
    {file = "pydantic_core-0.23.0-pp38-pypy38_pp73-manylinux_2_5_i686.manylinux1_i686.whl", hash = "sha256:952d270bbbaa76f7b3b2de3a5ef94da117a3d9bf24b1bb0828afa6000625007f"},
    {file = "pydantic_core-0.23.0-pp38-pypy38_pp73-musllinux_1_1_aarch64.whl", hash = "sha256:f8e2ac30ae4e23866ae8c475b0aef245b46626b541831cfef6a79eb4279df2cd"},
    {file = "pydantic_core-0.23.0-pp38-pypy38_pp73-musllinux_1_1_x86_64.whl", hash = "sha256:95197611d03d150045e4424573cd815503052736da639909ca273277687398e0"},
    {file = "pydantic_core-0.23.0-pp38-pypy38_pp73-win_amd64.whl", hash = "sha256:f06c2348bd9bd62570b32cba46d31497a09ef166f8821ec60fecc102fec34bf4"},
    {file = "pydantic_core-0.23.0-pp39-pypy39_pp73-macosx_10_7_x86_64.whl", hash = "sha256:ea4225b3e1179fe933e43a48530e80c983b200952dfadacf7b9edff4d23856af"},
    {file = "pydantic_core-0.23.0-pp39-pypy39_pp73-manylinux_2_17_aarch64.manylinux2014_aarch64.whl", hash = "sha256:8b0e0573f43fc0eb1672309a82e693fe5d119aa69c79ff918986711cebd52f23"},
    {file = "pydantic_core-0.23.0-pp39-pypy39_pp73-manylinux_2_17_x86_64.manylinux2014_x86_64.whl", hash = "sha256:99e769e84f9d69691c2a49305ee7b41dea71cfaf1a1617db1463cd476c779e95"},
    {file = "pydantic_core-0.23.0-pp39-pypy39_pp73-manylinux_2_5_i686.manylinux1_i686.whl", hash = "sha256:fab994ba407d10c20a228941db8cb59425e12c8d39559f688d946b2f73cfad9f"},
    {file = "pydantic_core-0.23.0-pp39-pypy39_pp73-musllinux_1_1_aarch64.whl", hash = "sha256:7198713f02ccdfde911550d60e502de77285857e2e073edc9803aa88ca2c88c6"},
    {file = "pydantic_core-0.23.0-pp39-pypy39_pp73-musllinux_1_1_x86_64.whl", hash = "sha256:ae5b31a5cb7a4b32a5e01a2cd3be9826ca6eb432315fce28484292b495b46c16"},
    {file = "pydantic_core-0.23.0-pp39-pypy39_pp73-win_amd64.whl", hash = "sha256:eb61dc94da3e601a08d30d32374f2f37c08167735b1c3c3480be21b668e7596f"},
    {file = "pydantic_core-0.23.0.tar.gz", hash = "sha256:ab783880e13d8b856cc61d382f05cd11c01f2297b9c933bfd1a3e24593f150ff"},
]

[[package]]
name = "pytest"
version = "7.3.0"
description = "pytest: simple powerful testing with Python"
category = "dev"
optional = false
python-versions = ">=3.7"
files = [
    {file = "pytest-7.3.0-py3-none-any.whl", hash = "sha256:933051fa1bfbd38a21e73c3960cebdad4cf59483ddba7696c48509727e17f201"},
    {file = "pytest-7.3.0.tar.gz", hash = "sha256:58ecc27ebf0ea643ebfdf7fb1249335da761a00c9f955bcd922349bcb68ee57d"},
]

[package.dependencies]
colorama = {version = "*", markers = "sys_platform == \"win32\""}
iniconfig = "*"
packaging = "*"
pluggy = ">=0.12,<2.0"

[package.extras]
testing = ["argcomplete", "attrs (>=19.2.0)", "hypothesis (>=3.56)", "mock", "nose", "pygments (>=2.7.2)", "requests", "xmlschema"]

[[package]]
name = "pytest-cov"
version = "4.0.0"
description = "Pytest plugin for measuring coverage."
category = "dev"
optional = false
python-versions = ">=3.6"
files = [
    {file = "pytest-cov-4.0.0.tar.gz", hash = "sha256:996b79efde6433cdbd0088872dbc5fb3ed7fe1578b68cdbba634f14bb8dd0470"},
    {file = "pytest_cov-4.0.0-py3-none-any.whl", hash = "sha256:2feb1b751d66a8bd934e5edfa2e961d11309dc37b73b0eabe73b5945fee20f6b"},
]

[package.dependencies]
coverage = {version = ">=5.2.1", extras = ["toml"]}
pytest = ">=4.6"

[package.extras]
testing = ["fields", "hunter", "process-tests", "pytest-xdist", "six", "virtualenv"]

[[package]]
name = "pytest-order"
version = "1.1.0"
description = "pytest plugin to run your tests in a specific order"
category = "dev"
optional = false
python-versions = ">=3.6"
files = [
    {file = "pytest-order-1.1.0.tar.gz", hash = "sha256:139d25b30826b78eebb42722f747eab14c44b88059d7a71d4f79d14a057269a5"},
    {file = "pytest_order-1.1.0-py3-none-any.whl", hash = "sha256:3b3730969c97900fa5cd31ecff80847680ed56b2490954565c14949ba60d9371"},
]

[package.dependencies]
pytest = {version = ">=6.2.4", markers = "python_version >= \"3.10\""}

[[package]]
name = "pyyaml"
version = "6.0"
description = "YAML parser and emitter for Python"
category = "main"
optional = false
python-versions = ">=3.6"
files = [
    {file = "PyYAML-6.0-cp310-cp310-macosx_10_9_x86_64.whl", hash = "sha256:d4db7c7aef085872ef65a8fd7d6d09a14ae91f691dec3e87ee5ee0539d516f53"},
    {file = "PyYAML-6.0-cp310-cp310-macosx_11_0_arm64.whl", hash = "sha256:9df7ed3b3d2e0ecfe09e14741b857df43adb5a3ddadc919a2d94fbdf78fea53c"},
    {file = "PyYAML-6.0-cp310-cp310-manylinux_2_17_aarch64.manylinux2014_aarch64.whl", hash = "sha256:77f396e6ef4c73fdc33a9157446466f1cff553d979bd00ecb64385760c6babdc"},
    {file = "PyYAML-6.0-cp310-cp310-manylinux_2_17_s390x.manylinux2014_s390x.whl", hash = "sha256:a80a78046a72361de73f8f395f1f1e49f956c6be882eed58505a15f3e430962b"},
    {file = "PyYAML-6.0-cp310-cp310-manylinux_2_5_x86_64.manylinux1_x86_64.manylinux_2_12_x86_64.manylinux2010_x86_64.whl", hash = "sha256:f84fbc98b019fef2ee9a1cb3ce93e3187a6df0b2538a651bfb890254ba9f90b5"},
    {file = "PyYAML-6.0-cp310-cp310-win32.whl", hash = "sha256:2cd5df3de48857ed0544b34e2d40e9fac445930039f3cfe4bcc592a1f836d513"},
    {file = "PyYAML-6.0-cp310-cp310-win_amd64.whl", hash = "sha256:daf496c58a8c52083df09b80c860005194014c3698698d1a57cbcfa182142a3a"},
    {file = "PyYAML-6.0-cp311-cp311-macosx_10_9_x86_64.whl", hash = "sha256:d4b0ba9512519522b118090257be113b9468d804b19d63c71dbcf4a48fa32358"},
    {file = "PyYAML-6.0-cp311-cp311-macosx_11_0_arm64.whl", hash = "sha256:81957921f441d50af23654aa6c5e5eaf9b06aba7f0a19c18a538dc7ef291c5a1"},
    {file = "PyYAML-6.0-cp311-cp311-manylinux_2_17_aarch64.manylinux2014_aarch64.whl", hash = "sha256:afa17f5bc4d1b10afd4466fd3a44dc0e245382deca5b3c353d8b757f9e3ecb8d"},
    {file = "PyYAML-6.0-cp311-cp311-manylinux_2_17_s390x.manylinux2014_s390x.whl", hash = "sha256:dbad0e9d368bb989f4515da330b88a057617d16b6a8245084f1b05400f24609f"},
    {file = "PyYAML-6.0-cp311-cp311-manylinux_2_17_x86_64.manylinux2014_x86_64.whl", hash = "sha256:432557aa2c09802be39460360ddffd48156e30721f5e8d917f01d31694216782"},
    {file = "PyYAML-6.0-cp311-cp311-win32.whl", hash = "sha256:bfaef573a63ba8923503d27530362590ff4f576c626d86a9fed95822a8255fd7"},
    {file = "PyYAML-6.0-cp311-cp311-win_amd64.whl", hash = "sha256:01b45c0191e6d66c470b6cf1b9531a771a83c1c4208272ead47a3ae4f2f603bf"},
    {file = "PyYAML-6.0-cp36-cp36m-macosx_10_9_x86_64.whl", hash = "sha256:897b80890765f037df3403d22bab41627ca8811ae55e9a722fd0392850ec4d86"},
    {file = "PyYAML-6.0-cp36-cp36m-manylinux_2_17_aarch64.manylinux2014_aarch64.whl", hash = "sha256:50602afada6d6cbfad699b0c7bb50d5ccffa7e46a3d738092afddc1f9758427f"},
    {file = "PyYAML-6.0-cp36-cp36m-manylinux_2_17_s390x.manylinux2014_s390x.whl", hash = "sha256:48c346915c114f5fdb3ead70312bd042a953a8ce5c7106d5bfb1a5254e47da92"},
    {file = "PyYAML-6.0-cp36-cp36m-manylinux_2_5_x86_64.manylinux1_x86_64.manylinux_2_12_x86_64.manylinux2010_x86_64.whl", hash = "sha256:98c4d36e99714e55cfbaaee6dd5badbc9a1ec339ebfc3b1f52e293aee6bb71a4"},
    {file = "PyYAML-6.0-cp36-cp36m-win32.whl", hash = "sha256:0283c35a6a9fbf047493e3a0ce8d79ef5030852c51e9d911a27badfde0605293"},
    {file = "PyYAML-6.0-cp36-cp36m-win_amd64.whl", hash = "sha256:07751360502caac1c067a8132d150cf3d61339af5691fe9e87803040dbc5db57"},
    {file = "PyYAML-6.0-cp37-cp37m-macosx_10_9_x86_64.whl", hash = "sha256:819b3830a1543db06c4d4b865e70ded25be52a2e0631ccd2f6a47a2822f2fd7c"},
    {file = "PyYAML-6.0-cp37-cp37m-manylinux_2_17_aarch64.manylinux2014_aarch64.whl", hash = "sha256:473f9edb243cb1935ab5a084eb238d842fb8f404ed2193a915d1784b5a6b5fc0"},
    {file = "PyYAML-6.0-cp37-cp37m-manylinux_2_17_s390x.manylinux2014_s390x.whl", hash = "sha256:0ce82d761c532fe4ec3f87fc45688bdd3a4c1dc5e0b4a19814b9009a29baefd4"},
    {file = "PyYAML-6.0-cp37-cp37m-manylinux_2_5_x86_64.manylinux1_x86_64.manylinux_2_12_x86_64.manylinux2010_x86_64.whl", hash = "sha256:231710d57adfd809ef5d34183b8ed1eeae3f76459c18fb4a0b373ad56bedcdd9"},
    {file = "PyYAML-6.0-cp37-cp37m-win32.whl", hash = "sha256:c5687b8d43cf58545ade1fe3e055f70eac7a5a1a0bf42824308d868289a95737"},
    {file = "PyYAML-6.0-cp37-cp37m-win_amd64.whl", hash = "sha256:d15a181d1ecd0d4270dc32edb46f7cb7733c7c508857278d3d378d14d606db2d"},
    {file = "PyYAML-6.0-cp38-cp38-macosx_10_9_x86_64.whl", hash = "sha256:0b4624f379dab24d3725ffde76559cff63d9ec94e1736b556dacdfebe5ab6d4b"},
    {file = "PyYAML-6.0-cp38-cp38-manylinux_2_17_aarch64.manylinux2014_aarch64.whl", hash = "sha256:213c60cd50106436cc818accf5baa1aba61c0189ff610f64f4a3e8c6726218ba"},
    {file = "PyYAML-6.0-cp38-cp38-manylinux_2_17_s390x.manylinux2014_s390x.whl", hash = "sha256:9fa600030013c4de8165339db93d182b9431076eb98eb40ee068700c9c813e34"},
    {file = "PyYAML-6.0-cp38-cp38-manylinux_2_5_x86_64.manylinux1_x86_64.manylinux_2_12_x86_64.manylinux2010_x86_64.whl", hash = "sha256:277a0ef2981ca40581a47093e9e2d13b3f1fbbeffae064c1d21bfceba2030287"},
    {file = "PyYAML-6.0-cp38-cp38-win32.whl", hash = "sha256:d4eccecf9adf6fbcc6861a38015c2a64f38b9d94838ac1810a9023a0609e1b78"},
    {file = "PyYAML-6.0-cp38-cp38-win_amd64.whl", hash = "sha256:1e4747bc279b4f613a09eb64bba2ba602d8a6664c6ce6396a4d0cd413a50ce07"},
    {file = "PyYAML-6.0-cp39-cp39-macosx_10_9_x86_64.whl", hash = "sha256:055d937d65826939cb044fc8c9b08889e8c743fdc6a32b33e2390f66013e449b"},
    {file = "PyYAML-6.0-cp39-cp39-macosx_11_0_arm64.whl", hash = "sha256:e61ceaab6f49fb8bdfaa0f92c4b57bcfbea54c09277b1b4f7ac376bfb7a7c174"},
    {file = "PyYAML-6.0-cp39-cp39-manylinux_2_17_aarch64.manylinux2014_aarch64.whl", hash = "sha256:d67d839ede4ed1b28a4e8909735fc992a923cdb84e618544973d7dfc71540803"},
    {file = "PyYAML-6.0-cp39-cp39-manylinux_2_17_s390x.manylinux2014_s390x.whl", hash = "sha256:cba8c411ef271aa037d7357a2bc8f9ee8b58b9965831d9e51baf703280dc73d3"},
    {file = "PyYAML-6.0-cp39-cp39-manylinux_2_5_x86_64.manylinux1_x86_64.manylinux_2_12_x86_64.manylinux2010_x86_64.whl", hash = "sha256:40527857252b61eacd1d9af500c3337ba8deb8fc298940291486c465c8b46ec0"},
    {file = "PyYAML-6.0-cp39-cp39-win32.whl", hash = "sha256:b5b9eccad747aabaaffbc6064800670f0c297e52c12754eb1d976c57e4f74dcb"},
    {file = "PyYAML-6.0-cp39-cp39-win_amd64.whl", hash = "sha256:b3d267842bf12586ba6c734f89d1f5b871df0273157918b0ccefa29deb05c21c"},
    {file = "PyYAML-6.0.tar.gz", hash = "sha256:68fb519c14306fec9720a2a5b45bc9f0c8d1b9c72adf45c37baedfcd949c35a2"},
]

[[package]]
name = "typing-extensions"
version = "4.5.0"
description = "Backported and Experimental Type Hints for Python 3.7+"
category = "main"
optional = false
python-versions = ">=3.7"
files = [
    {file = "typing_extensions-4.5.0-py3-none-any.whl", hash = "sha256:fb33085c39dd998ac16d1431ebc293a8b3eedd00fd4a32de0ff79002c19511b4"},
    {file = "typing_extensions-4.5.0.tar.gz", hash = "sha256:5cb5f4a79139d699607b3ef622a1dedafa84e115ab0024e0d9c044a9479ca7cb"},
]

[metadata]
lock-version = "2.0"
python-versions = "^3.11"
content-hash = "cf8d91dfc09ef5baa0e5e617bd956a8eae54d36b8b74978737fc9ba8738910e2"
